{
  "version": 4,
  "terraform_version": "1.1.3",
  "serial": 14,
  "lineage": "5abb4b19-80cf-3977-dc25-f4767cb258a9",
  "outputs": {},
  "resources": [
    {
      "mode": "managed",
      "type": "azurerm_network_security_group",
      "name": "nsg",
      "provider": "provider[\"registry.terraform.io/hashicorp/azurerm\"]",
      "instances": [
        {
          "schema_version": 0,
          "attributes": {
            "id": "/subscriptions/3c2067eb-14d4-42da-83ca-73316e5fce7a/resourceGroups/rg-ace-DevTest-WUS/providers/Microsoft.Network/networkSecurityGroups/nsg-1",
            "location": "westus",
            "name": "nsg-1",
            "resource_group_name": "rg-ace-DevTest-WUS",
            "security_rule": [
              {
                "access": "Allow",
                "description": "",
                "destination_address_prefix": "*",
                "destination_address_prefixes": [],
                "destination_application_security_group_ids": [],
                "destination_port_range": "*",
                "destination_port_ranges": [],
                "direction": "Inbound",
                "name": "rule1",
                "priority": 100,
                "protocol": "Tcp",
                "source_address_prefix": "*",
                "source_address_prefixes": [],
                "source_application_security_group_ids": [],
                "source_port_range": "*",
                "source_port_ranges": []
              }
            ],
            "tags": {
              "terraform": "true"
            },
            "timeouts": null
          },
          "sensitive_attributes": [],
          "private": "eyJlMmJmYjczMC1lY2FhLTExZTYtOGY4OC0zNDM2M2JjN2M0YzAiOnsiY3JlYXRlIjoxODAwMDAwMDAwMDAwLCJkZWxldGUiOjE4MDAwMDAwMDAwMDAsInJlYWQiOjMwMDAwMDAwMDAwMCwidXBkYXRlIjoxODAwMDAwMDAwMDAwfX0=",
          "dependencies": [
            "azurerm_resource_group.rg"
          ]
        }
      ]
    },
    {
      "mode": "managed",
      "type": "azurerm_resource_group",
      "name": "rg",
      "provider": "provider[\"registry.terraform.io/hashicorp/azurerm\"]",
      "instances": [
        {
          "schema_version": 0,
          "attributes": {
            "id": "/subscriptions/3c2067eb-14d4-42da-83ca-73316e5fce7a/resourceGroups/rg-ace-DevTest-WUS",
            "location": "westus",
            "name": "rg-ace-DevTest-WUS",
            "tags": null,
            "timeouts": null
          },
          "sensitive_attributes": [],
          "private": "eyJlMmJmYjczMC1lY2FhLTExZTYtOGY4OC0zNDM2M2JjN2M0YzAiOnsiY3JlYXRlIjo1NDAwMDAwMDAwMDAwLCJkZWxldGUiOjU0MDAwMDAwMDAwMDAsInJlYWQiOjMwMDAwMDAwMDAwMCwidXBkYXRlIjo1NDAwMDAwMDAwMDAwfX0="
        }
      ]
    },
    {
      "mode": "managed",
      "type": "azurerm_subnet",
      "name": "snet_adds",
      "provider": "provider[\"registry.terraform.io/hashicorp/azurerm\"]",
      "instances": [
        {
          "schema_version": 0,
          "attributes": {
            "address_prefixes": [
              "172.16.4.0/27"
            ],
            "delegation": [],
            "enforce_private_link_endpoint_network_policies": false,
            "enforce_private_link_service_network_policies": false,
            "id": "/subscriptions/3c2067eb-14d4-42da-83ca-73316e5fce7a/resourceGroups/rg-ace-DevTest-WUS/providers/Microsoft.Network/virtualNetworks/ace/subnets/snet-adds",
            "name": "snet-adds",
            "resource_group_name": "rg-ace-DevTest-WUS",
            "service_endpoint_policy_ids": null,
            "service_endpoints": null,
            "timeouts": null,
            "virtual_network_name": "ace"
          },
          "sensitive_attributes": [],
          "private": "eyJlMmJmYjczMC1lY2FhLTExZTYtOGY4OC0zNDM2M2JjN2M0YzAiOnsiY3JlYXRlIjoxODAwMDAwMDAwMDAwLCJkZWxldGUiOjE4MDAwMDAwMDAwMDAsInJlYWQiOjMwMDAwMDAwMDAwMCwidXBkYXRlIjoxODAwMDAwMDAwMDAwfX0=",
          "dependencies": [
            "azurerm_resource_group.rg",
            "azurerm_virtual_network.vnet"
          ]
        }
      ]
    },
    {
      "mode": "managed",
      "type": "azurerm_subnet",
      "name": "snet_bastion",
      "provider": "provider[\"registry.terraform.io/hashicorp/azurerm\"]",
      "instances": [
        {
          "schema_version": 0,
          "attributes": {
            "address_prefixes": [
              "172.16.0.128/25"
            ],
            "delegation": [],
            "enforce_private_link_endpoint_network_policies": false,
            "enforce_private_link_service_network_policies": false,
            "id": "/subscriptions/3c2067eb-14d4-42da-83ca-73316e5fce7a/resourceGroups/rg-ace-DevTest-WUS/providers/Microsoft.Network/virtualNetworks/ace/subnets/snet-AzureBastionSubnet",
            "name": "snet-AzureBastionSubnet",
            "resource_group_name": "rg-ace-DevTest-WUS",
            "service_endpoint_policy_ids": null,
            "service_endpoints": null,
            "timeouts": null,
            "virtual_network_name": "ace"
          },
          "sensitive_attributes": [],
          "private": "eyJlMmJmYjczMC1lY2FhLTExZTYtOGY4OC0zNDM2M2JjN2M0YzAiOnsiY3JlYXRlIjoxODAwMDAwMDAwMDAwLCJkZWxldGUiOjE4MDAwMDAwMDAwMDAsInJlYWQiOjMwMDAwMDAwMDAwMCwidXBkYXRlIjoxODAwMDAwMDAwMDAwfX0=",
          "dependencies": [
            "azurerm_resource_group.rg",
            "azurerm_virtual_network.vnet"
          ]
        }
      ]
    },
    {
      "mode": "managed",
      "type": "azurerm_subnet",
      "name": "snet_gateway",
      "provider": "provider[\"registry.terraform.io/hashicorp/azurerm\"]",
      "instances": [
        {
          "schema_version": 0,
          "attributes": {
            "address_prefixes": [
              "172.16.255.224/27"
            ],
            "delegation": [],
            "enforce_private_link_endpoint_network_policies": false,
            "enforce_private_link_service_network_policies": false,
            "id": "/subscriptions/3c2067eb-14d4-42da-83ca-73316e5fce7a/resourceGroups/rg-ace-DevTest-WUS/providers/Microsoft.Network/virtualNetworks/ace/subnets/GatewaySubnet",
            "name": "GatewaySubnet",
            "resource_group_name": "rg-ace-DevTest-WUS",
            "service_endpoint_policy_ids": null,
            "service_endpoints": null,
            "timeouts": null,
            "virtual_network_name": "ace"
          },
          "sensitive_attributes": [],
          "private": "eyJlMmJmYjczMC1lY2FhLTExZTYtOGY4OC0zNDM2M2JjN2M0YzAiOnsiY3JlYXRlIjoxODAwMDAwMDAwMDAwLCJkZWxldGUiOjE4MDAwMDAwMDAwMDAsInJlYWQiOjMwMDAwMDAwMDAwMCwidXBkYXRlIjoxODAwMDAwMDAwMDAwfX0=",
          "dependencies": [
            "azurerm_resource_group.rg",
            "azurerm_virtual_network.vnet"
          ]
        }
      ]
    },
    {
      "mode": "managed",
      "type": "azurerm_subnet",
      "name": "snet_web",
      "provider": "provider[\"registry.terraform.io/hashicorp/azurerm\"]",
      "instances": [
        {
          "schema_version": 0,
          "attributes": {
            "address_prefixes": [
              "172.16.1.0/24"
            ],
            "delegation": [],
            "enforce_private_link_endpoint_network_policies": false,
            "enforce_private_link_service_network_policies": false,
            "id": "/subscriptions/3c2067eb-14d4-42da-83ca-73316e5fce7a/resourceGroups/rg-ace-DevTest-WUS/providers/Microsoft.Network/virtualNetworks/ace/subnets/snet-web",
            "name": "snet-web",
            "resource_group_name": "rg-ace-DevTest-WUS",
            "service_endpoint_policy_ids": null,
            "service_endpoints": null,
            "timeouts": null,
            "virtual_network_name": "ace"
          },
          "sensitive_attributes": [],
          "private": "eyJlMmJmYjczMC1lY2FhLTExZTYtOGY4OC0zNDM2M2JjN2M0YzAiOnsiY3JlYXRlIjoxODAwMDAwMDAwMDAwLCJkZWxldGUiOjE4MDAwMDAwMDAwMDAsInJlYWQiOjMwMDAwMDAwMDAwMCwidXBkYXRlIjoxODAwMDAwMDAwMDAwfX0=",
          "dependencies": [
            "azurerm_resource_group.rg",
            "azurerm_virtual_network.vnet"
          ]
        }
      ]
    },
    {
      "mode": "managed",
      "type": "azurerm_subnet_network_security_group_association",
      "name": "nsg_association1",
      "provider": "provider[\"registry.terraform.io/hashicorp/azurerm\"]",
      "instances": [
        {
          "schema_version": 0,
          "attributes": {
            "id": "/subscriptions/3c2067eb-14d4-42da-83ca-73316e5fce7a/resourceGroups/rg-ace-DevTest-WUS/providers/Microsoft.Network/virtualNetworks/ace/subnets/snet-adds",
            "network_security_group_id": "/subscriptions/3c2067eb-14d4-42da-83ca-73316e5fce7a/resourceGroups/rg-ace-DevTest-WUS/providers/Microsoft.Network/networkSecurityGroups/nsg-1",
            "subnet_id": "/subscriptions/3c2067eb-14d4-42da-83ca-73316e5fce7a/resourceGroups/rg-ace-DevTest-WUS/providers/Microsoft.Network/virtualNetworks/ace/subnets/snet-adds",
            "timeouts": null
          },
          "sensitive_attributes": [],
          "private": "eyJlMmJmYjczMC1lY2FhLTExZTYtOGY4OC0zNDM2M2JjN2M0YzAiOnsiY3JlYXRlIjoxODAwMDAwMDAwMDAwLCJkZWxldGUiOjE4MDAwMDAwMDAwMDAsInJlYWQiOjMwMDAwMDAwMDAwMCwidXBkYXRlIjoxODAwMDAwMDAwMDAwfX0=",
          "dependencies": [
            "azurerm_network_security_group.nsg",
            "azurerm_resource_group.rg",
            "azurerm_subnet.snet_adds",
            "azurerm_virtual_network.vnet"
          ]
        }
      ]
    },
    {
      "mode": "managed",
      "type": "azurerm_subnet_network_security_group_association",
      "name": "nsg_association2",
      "provider": "provider[\"registry.terraform.io/hashicorp/azurerm\"]",
      "instances": [
        {
          "schema_version": 0,
          "attributes": {
            "id": "/subscriptions/3c2067eb-14d4-42da-83ca-73316e5fce7a/resourceGroups/rg-ace-DevTest-WUS/providers/Microsoft.Network/virtualNetworks/ace/subnets/snet-web",
            "network_security_group_id": "/subscriptions/3c2067eb-14d4-42da-83ca-73316e5fce7a/resourceGroups/rg-ace-DevTest-WUS/providers/Microsoft.Network/networkSecurityGroups/nsg-1",
            "subnet_id": "/subscriptions/3c2067eb-14d4-42da-83ca-73316e5fce7a/resourceGroups/rg-ace-DevTest-WUS/providers/Microsoft.Network/virtualNetworks/ace/subnets/snet-web",
            "timeouts": null
          },
          "sensitive_attributes": [],
          "private": "eyJlMmJmYjczMC1lY2FhLTExZTYtOGY4OC0zNDM2M2JjN2M0YzAiOnsiY3JlYXRlIjoxODAwMDAwMDAwMDAwLCJkZWxldGUiOjE4MDAwMDAwMDAwMDAsInJlYWQiOjMwMDAwMDAwMDAwMCwidXBkYXRlIjoxODAwMDAwMDAwMDAwfX0=",
          "dependencies": [
            "azurerm_network_security_group.nsg",
            "azurerm_resource_group.rg",
            "azurerm_subnet.snet_web",
            "azurerm_virtual_network.vnet"
          ]
        }
      ]
    },
    {
      "mode": "managed",
      "type": "azurerm_virtual_network",
      "name": "vnet",
      "provider": "provider[\"registry.terraform.io/hashicorp/azurerm\"]",
      "instances": [
        {
          "schema_version": 0,
          "attributes": {
            "address_space": [
              "172.16.0.0/16"
            ],
            "bgp_community": "",
            "ddos_protection_plan": [],
            "dns_servers": [
              "172.16.4.4",
              "172.16.4.5"
            ],
            "edge_zone": "",
            "flow_timeout_in_minutes": 0,
            "guid": "6376f9a5-683c-470b-9bfb-79b1806a9851",
            "id": "/subscriptions/3c2067eb-14d4-42da-83ca-73316e5fce7a/resourceGroups/rg-ace-DevTest-WUS/providers/Microsoft.Network/virtualNetworks/ace",
            "location": "westus",
            "name": "ace",
            "resource_group_name": "rg-ace-DevTest-WUS",
            "subnet": [],
            "tags": {
              "terraform": "true"
            },
            "timeouts": null
          },
          "sensitive_attributes": [],
          "private": "eyJlMmJmYjczMC1lY2FhLTExZTYtOGY4OC0zNDM2M2JjN2M0YzAiOnsiY3JlYXRlIjoxODAwMDAwMDAwMDAwLCJkZWxldGUiOjE4MDAwMDAwMDAwMDAsInJlYWQiOjMwMDAwMDAwMDAwMCwidXBkYXRlIjoxODAwMDAwMDAwMDAwfX0=",
          "dependencies": [
            "azurerm_resource_group.rg"
          ]
        }
      ]
    },
    {
      "module": "module.vm_web1",
      "mode": "managed",
      "type": "azurerm_managed_disk",
      "name": "data",
      "provider": "provider[\"registry.terraform.io/hashicorp/azurerm\"]",
      "instances": [
        {
          "schema_version": 0,
          "attributes": {
            "create_option": "Empty",
            "disk_access_id": "",
            "disk_encryption_set_id": "",
            "disk_iops_read_only": 0,
            "disk_iops_read_write": 500,
            "disk_mbps_read_only": 0,
            "disk_mbps_read_write": 60,
            "disk_size_gb": 8,
            "edge_zone": "",
            "encryption_settings": [],
            "gallery_image_reference_id": "",
            "hyper_v_generation": "",
            "id": "/subscriptions/3c2067eb-14d4-42da-83ca-73316e5fce7a/resourceGroups/rg-ace-DevTest-WUS/providers/Microsoft.Compute/disks/vmweb1-disk1",
            "image_reference_id": "",
            "location": "westus",
            "logical_sector_size": null,
            "max_shares": 0,
            "name": "vmweb1-disk1",
            "network_access_policy": null,
            "on_demand_bursting_enabled": false,
            "os_type": "",
            "public_network_access_enabled": true,
            "resource_group_name": "rg-ace-DevTest-WUS",
            "secure_vm_disk_encryption_set_id": "",
            "security_type": "",
            "source_resource_id": "",
            "source_uri": "",
            "storage_account_id": "",
            "storage_account_type": "Standard_LRS",
            "tags": null,
            "tier": "",
            "timeouts": null,
            "trusted_launch_enabled": false,
            "zone": ""
          },
          "sensitive_attributes": [],
          "private": "eyJlMmJmYjczMC1lY2FhLTExZTYtOGY4OC0zNDM2M2JjN2M0YzAiOnsiY3JlYXRlIjoxODAwMDAwMDAwMDAwLCJkZWxldGUiOjE4MDAwMDAwMDAwMDAsInJlYWQiOjMwMDAwMDAwMDAwMCwidXBkYXRlIjoxODAwMDAwMDAwMDAwfX0=",
          "dependencies": [
            "azurerm_resource_group.rg",
            "azurerm_subnet.snet_web",
            "azurerm_virtual_network.vnet",
            "module.vm_web1.azurerm_network_interface.nic",
            "module.vm_web1.azurerm_windows_virtual_machine.vm"
          ]
        }
      ]
    },
    {
      "module": "module.vm_web1",
      "mode": "managed",
      "type": "azurerm_network_interface",
      "name": "nic",
      "provider": "provider[\"registry.terraform.io/hashicorp/azurerm\"]",
      "instances": [
        {
          "schema_version": 0,
          "attributes": {
            "applied_dns_servers": [],
            "dns_servers": [],
            "edge_zone": "",
            "enable_accelerated_networking": false,
            "enable_ip_forwarding": false,
            "id": "/subscriptions/3c2067eb-14d4-42da-83ca-73316e5fce7a/resourceGroups/rg-ace-DevTest-WUS/providers/Microsoft.Network/networkInterfaces/nic_web1",
            "internal_dns_name_label": "",
            "internal_domain_name_suffix": "ux2xmyz2nafupg51pgyya0uykb.dx.internal.cloudapp.net",
            "ip_configuration": [
              {
                "gateway_load_balancer_frontend_ip_configuration_id": "",
                "name": "internal",
                "primary": true,
                "private_ip_address": "172.16.1.5",
                "private_ip_address_allocation": "Static",
                "private_ip_address_version": "IPv4",
                "public_ip_address_id": "",
                "subnet_id": "/subscriptions/3c2067eb-14d4-42da-83ca-73316e5fce7a/resourceGroups/rg-ace-DevTest-WUS/providers/Microsoft.Network/virtualNetworks/ace/subnets/snet-web"
              }
            ],
            "location": "westus",
            "mac_address": "",
            "name": "nic_web1",
            "private_ip_address": "172.16.1.5",
            "private_ip_addresses": [
              "172.16.1.5"
            ],
            "resource_group_name": "rg-ace-DevTest-WUS",
            "tags": {
              "terraform": "true"
            },
            "timeouts": null,
            "virtual_machine_id": ""
          },
          "sensitive_attributes": [],
          "private": "eyJlMmJmYjczMC1lY2FhLTExZTYtOGY4OC0zNDM2M2JjN2M0YzAiOnsiY3JlYXRlIjoxODAwMDAwMDAwMDAwLCJkZWxldGUiOjE4MDAwMDAwMDAwMDAsInJlYWQiOjMwMDAwMDAwMDAwMCwidXBkYXRlIjoxODAwMDAwMDAwMDAwfX0=",
          "dependencies": [
            "azurerm_resource_group.rg",
            "azurerm_subnet.snet_web",
            "azurerm_virtual_network.vnet"
          ]
        }
      ]
    },
    {
      "module": "module.vm_web1",
      "mode": "managed",
      "type": "azurerm_virtual_machine_data_disk_attachment",
      "name": "attachment",
      "provider": "provider[\"registry.terraform.io/hashicorp/azurerm\"]",
      "instances": [
        {
          "schema_version": 0,
          "attributes": {
            "caching": "None",
            "create_option": "Attach",
            "id": "/subscriptions/3c2067eb-14d4-42da-83ca-73316e5fce7a/resourceGroups/rg-ace-DevTest-WUS/providers/Microsoft.Compute/virtualMachines/vmweb1/dataDisks/vmweb1-disk1",
            "lun": 10,
            "managed_disk_id": "/subscriptions/3c2067eb-14d4-42da-83ca-73316e5fce7a/resourceGroups/rg-ace-DevTest-WUS/providers/Microsoft.Compute/disks/vmweb1-disk1",
            "timeouts": null,
            "virtual_machine_id": "/subscriptions/3c2067eb-14d4-42da-83ca-73316e5fce7a/resourceGroups/rg-ace-DevTest-WUS/providers/Microsoft.Compute/virtualMachines/vmweb1",
            "write_accelerator_enabled": false
          },
          "sensitive_attributes": [],
          "private": "eyJlMmJmYjczMC1lY2FhLTExZTYtOGY4OC0zNDM2M2JjN2M0YzAiOnsiY3JlYXRlIjoxODAwMDAwMDAwMDAwLCJkZWxldGUiOjE4MDAwMDAwMDAwMDAsInJlYWQiOjMwMDAwMDAwMDAwMCwidXBkYXRlIjoxODAwMDAwMDAwMDAwfX0=",
          "dependencies": [
            "azurerm_resource_group.rg",
            "azurerm_subnet.snet_web",
            "azurerm_virtual_network.vnet",
            "module.vm_web1.azurerm_managed_disk.data",
            "module.vm_web1.azurerm_network_interface.nic",
            "module.vm_web1.azurerm_windows_virtual_machine.vm"
          ]
        }
      ]
    },
    {
      "module": "module.vm_web1",
      "mode": "managed",
      "type": "azurerm_windows_virtual_machine",
      "name": "vm",
      "provider": "provider[\"registry.terraform.io/hashicorp/azurerm\"]",
      "instances": [
        {
          "schema_version": 0,
          "attributes": {
            "additional_capabilities": [],
            "additional_unattend_content": [],
            "admin_password": "Super123!",
            "admin_username": "jfluckiger",
            "allow_extension_operations": true,
            "availability_set_id": "",
            "boot_diagnostics": [],
            "computer_name": "vmweb1",
            "custom_data": null,
            "dedicated_host_group_id": "",
            "dedicated_host_id": "",
            "edge_zone": "",
            "enable_automatic_updates": true,
            "encryption_at_host_enabled": false,
            "eviction_policy": "",
            "extensions_time_budget": "PT1H30M",
            "hotpatching_enabled": false,
            "id": "/subscriptions/3c2067eb-14d4-42da-83ca-73316e5fce7a/resourceGroups/rg-ace-DevTest-WUS/providers/Microsoft.Compute/virtualMachines/vmweb1",
            "identity": [],
            "license_type": "",
            "location": "westus",
            "max_bid_price": -1,
            "name": "vmweb1",
            "network_interface_ids": [
              "/subscriptions/3c2067eb-14d4-42da-83ca-73316e5fce7a/resourceGroups/rg-ace-DevTest-WUS/providers/Microsoft.Network/networkInterfaces/nic_web1"
            ],
            "os_disk": [
              {
                "caching": "ReadWrite",
                "diff_disk_settings": [],
                "disk_encryption_set_id": "",
                "disk_size_gb": 127,
                "name": "vmweb1_OsDisk_1_392f6969509445988a5fd3800fcfa88c",
                "secure_vm_disk_encryption_set_id": "",
                "security_encryption_type": "",
                "storage_account_type": "Standard_LRS",
                "write_accelerator_enabled": false
              }
            ],
            "patch_mode": "AutomaticByOS",
            "plan": [],
            "platform_fault_domain": -1,
            "priority": "Regular",
            "private_ip_address": "172.16.1.5",
            "private_ip_addresses": [
              "172.16.1.5"
            ],
            "provision_vm_agent": true,
            "proximity_placement_group_id": "",
            "public_ip_address": "",
            "public_ip_addresses": [],
            "resource_group_name": "rg-ace-DevTest-WUS",
            "secret": [],
            "secure_boot_enabled": false,
            "size": "Standard_F2",
            "source_image_id": "",
            "source_image_reference": [
              {
                "offer": "WindowsServer",
                "publisher": "MicrosoftWindowsServer",
                "sku": "2019-Datacenter",
                "version": "latest"
              }
            ],
            "tags": {
              "terraform": "true"
            },
            "termination_notification": null,
            "timeouts": null,
            "timezone": "",
            "user_data": "",
            "virtual_machine_id": "b4ddf0aa-dd53-40a3-a588-07e5f61396d8",
            "virtual_machine_scale_set_id": "",
            "vtpm_enabled": false,
            "winrm_listener": [],
            "zone": ""
          },
          "sensitive_attributes": [],
          "private": "eyJlMmJmYjczMC1lY2FhLTExZTYtOGY4OC0zNDM2M2JjN2M0YzAiOnsiY3JlYXRlIjoyNzAwMDAwMDAwMDAwLCJkZWxldGUiOjI3MDAwMDAwMDAwMDAsInJlYWQiOjMwMDAwMDAwMDAwMCwidXBkYXRlIjoyNzAwMDAwMDAwMDAwfX0=",
          "dependencies": [
            "azurerm_resource_group.rg",
            "azurerm_subnet.snet_web",
            "azurerm_virtual_network.vnet",
            "module.vm_web1.azurerm_network_interface.nic"
          ]
        }
      ]
    }
  ]
}
