{
  "version": 4,
  "terraform_version": "1.1.3",
  "serial": 74,
  "lineage": "e5ec3320-43d5-ffac-d02b-27ca08e0861a",
  "outputs": {},
  "resources": [
    {
      "mode": "managed",
      "type": "azurerm_network_security_group",
      "name": "nsg",
      "provider": "provider[\"registry.terraform.io/hashicorp/azurerm\"]",
      "instances": [
        {
          "schema_version": 0,
          "attributes": {
            "id": "/subscriptions/3c2067eb-14d4-42da-83ca-73316e5fce7a/resourceGroups/rg-ace-DevTest-WUS/providers/Microsoft.Network/networkSecurityGroups/nsg-1",
            "location": "westus",
            "name": "nsg-1",
            "resource_group_name": "rg-ace-DevTest-WUS",
            "security_rule": [
              {
                "access": "Allow",
                "description": "",
                "destination_address_prefix": "*",
                "destination_address_prefixes": [],
                "destination_application_security_group_ids": [],
                "destination_port_range": "*",
                "destination_port_ranges": [],
                "direction": "Inbound",
                "name": "rule1",
                "priority": 100,
                "protocol": "Tcp",
                "source_address_prefix": "*",
                "source_address_prefixes": [],
                "source_application_security_group_ids": [],
                "source_port_range": "*",
                "source_port_ranges": []
              }
            ],
            "tags": {
              "terraform": "true"
            },
            "timeouts": null
          },
          "sensitive_attributes": [],
          "private": "eyJlMmJmYjczMC1lY2FhLTExZTYtOGY4OC0zNDM2M2JjN2M0YzAiOnsiY3JlYXRlIjoxODAwMDAwMDAwMDAwLCJkZWxldGUiOjE4MDAwMDAwMDAwMDAsInJlYWQiOjMwMDAwMDAwMDAwMCwidXBkYXRlIjoxODAwMDAwMDAwMDAwfX0=",
          "dependencies": [
            "azurerm_resource_group.rg"
          ]
        }
      ]
    },
    {
      "mode": "managed",
      "type": "azurerm_resource_group",
      "name": "rg",
      "provider": "provider[\"registry.terraform.io/hashicorp/azurerm\"]",
      "instances": [
        {
          "schema_version": 0,
          "attributes": {
            "id": "/subscriptions/3c2067eb-14d4-42da-83ca-73316e5fce7a/resourceGroups/rg-ace-DevTest-WUS",
            "location": "westus",
            "name": "rg-ace-DevTest-WUS",
            "tags": {
              "terraform": "true"
            },
            "timeouts": null
          },
          "sensitive_attributes": [],
          "private": "eyJlMmJmYjczMC1lY2FhLTExZTYtOGY4OC0zNDM2M2JjN2M0YzAiOnsiY3JlYXRlIjo1NDAwMDAwMDAwMDAwLCJkZWxldGUiOjU0MDAwMDAwMDAwMDAsInJlYWQiOjMwMDAwMDAwMDAwMCwidXBkYXRlIjo1NDAwMDAwMDAwMDAwfX0="
        }
      ]
    },
    {
      "mode": "managed",
      "type": "azurerm_subnet",
      "name": "snet_adds",
      "provider": "provider[\"registry.terraform.io/hashicorp/azurerm\"]",
      "instances": [
        {
          "schema_version": 0,
          "attributes": {
            "address_prefixes": [
              "172.16.4.0/27"
            ],
            "delegation": [],
            "enforce_private_link_endpoint_network_policies": false,
            "enforce_private_link_service_network_policies": false,
            "id": "/subscriptions/3c2067eb-14d4-42da-83ca-73316e5fce7a/resourceGroups/rg-ace-DevTest-WUS/providers/Microsoft.Network/virtualNetworks/ace/subnets/snet-adds",
            "name": "snet-adds",
            "resource_group_name": "rg-ace-DevTest-WUS",
            "service_endpoint_policy_ids": [],
            "service_endpoints": [],
            "timeouts": null,
            "virtual_network_name": "ace"
          },
          "sensitive_attributes": [],
          "private": "eyJlMmJmYjczMC1lY2FhLTExZTYtOGY4OC0zNDM2M2JjN2M0YzAiOnsiY3JlYXRlIjoxODAwMDAwMDAwMDAwLCJkZWxldGUiOjE4MDAwMDAwMDAwMDAsInJlYWQiOjMwMDAwMDAwMDAwMCwidXBkYXRlIjoxODAwMDAwMDAwMDAwfX0=",
          "dependencies": [
            "azurerm_resource_group.rg",
            "azurerm_virtual_network.vnet"
          ]
        }
      ]
    },
    {
      "mode": "managed",
      "type": "azurerm_subnet",
      "name": "snet_bastion",
      "provider": "provider[\"registry.terraform.io/hashicorp/azurerm\"]",
      "instances": [
        {
          "schema_version": 0,
          "attributes": {
            "address_prefixes": [
              "172.16.0.128/25"
            ],
            "delegation": [],
            "enforce_private_link_endpoint_network_policies": false,
            "enforce_private_link_service_network_policies": false,
            "id": "/subscriptions/3c2067eb-14d4-42da-83ca-73316e5fce7a/resourceGroups/rg-ace-DevTest-WUS/providers/Microsoft.Network/virtualNetworks/ace/subnets/AzureBastionSubnet",
            "name": "AzureBastionSubnet",
            "resource_group_name": "rg-ace-DevTest-WUS",
            "service_endpoint_policy_ids": [],
            "service_endpoints": [],
            "timeouts": null,
            "virtual_network_name": "ace"
          },
          "sensitive_attributes": [],
          "private": "eyJlMmJmYjczMC1lY2FhLTExZTYtOGY4OC0zNDM2M2JjN2M0YzAiOnsiY3JlYXRlIjoxODAwMDAwMDAwMDAwLCJkZWxldGUiOjE4MDAwMDAwMDAwMDAsInJlYWQiOjMwMDAwMDAwMDAwMCwidXBkYXRlIjoxODAwMDAwMDAwMDAwfX0=",
          "dependencies": [
            "azurerm_resource_group.rg",
            "azurerm_virtual_network.vnet"
          ]
        }
      ]
    },
    {
      "mode": "managed",
      "type": "azurerm_subnet",
      "name": "snet_gateway",
      "provider": "provider[\"registry.terraform.io/hashicorp/azurerm\"]",
      "instances": [
        {
          "schema_version": 0,
          "attributes": {
            "address_prefixes": [
              "172.16.255.224/27"
            ],
            "delegation": [],
            "enforce_private_link_endpoint_network_policies": false,
            "enforce_private_link_service_network_policies": false,
            "id": "/subscriptions/3c2067eb-14d4-42da-83ca-73316e5fce7a/resourceGroups/rg-ace-DevTest-WUS/providers/Microsoft.Network/virtualNetworks/ace/subnets/GatewaySubnet",
            "name": "GatewaySubnet",
            "resource_group_name": "rg-ace-DevTest-WUS",
            "service_endpoint_policy_ids": [],
            "service_endpoints": [],
            "timeouts": null,
            "virtual_network_name": "ace"
          },
          "sensitive_attributes": [],
          "private": "eyJlMmJmYjczMC1lY2FhLTExZTYtOGY4OC0zNDM2M2JjN2M0YzAiOnsiY3JlYXRlIjoxODAwMDAwMDAwMDAwLCJkZWxldGUiOjE4MDAwMDAwMDAwMDAsInJlYWQiOjMwMDAwMDAwMDAwMCwidXBkYXRlIjoxODAwMDAwMDAwMDAwfX0=",
          "dependencies": [
            "azurerm_resource_group.rg",
            "azurerm_virtual_network.vnet"
          ]
        }
      ]
    },
    {
      "mode": "managed",
      "type": "azurerm_subnet",
      "name": "snet_web",
      "provider": "provider[\"registry.terraform.io/hashicorp/azurerm\"]",
      "instances": [
        {
          "schema_version": 0,
          "attributes": {
            "address_prefixes": [
              "172.16.1.0/24"
            ],
            "delegation": [],
            "enforce_private_link_endpoint_network_policies": false,
            "enforce_private_link_service_network_policies": false,
            "id": "/subscriptions/3c2067eb-14d4-42da-83ca-73316e5fce7a/resourceGroups/rg-ace-DevTest-WUS/providers/Microsoft.Network/virtualNetworks/ace/subnets/snet-web",
            "name": "snet-web",
            "resource_group_name": "rg-ace-DevTest-WUS",
            "service_endpoint_policy_ids": [],
            "service_endpoints": [],
            "timeouts": null,
            "virtual_network_name": "ace"
          },
          "sensitive_attributes": [],
          "private": "eyJlMmJmYjczMC1lY2FhLTExZTYtOGY4OC0zNDM2M2JjN2M0YzAiOnsiY3JlYXRlIjoxODAwMDAwMDAwMDAwLCJkZWxldGUiOjE4MDAwMDAwMDAwMDAsInJlYWQiOjMwMDAwMDAwMDAwMCwidXBkYXRlIjoxODAwMDAwMDAwMDAwfX0=",
          "dependencies": [
            "azurerm_resource_group.rg",
            "azurerm_virtual_network.vnet"
          ]
        }
      ]
    },
    {
      "mode": "managed",
      "type": "azurerm_subnet_network_security_group_association",
      "name": "nsg_association1",
      "provider": "provider[\"registry.terraform.io/hashicorp/azurerm\"]",
      "instances": [
        {
          "schema_version": 0,
          "attributes": {
            "id": "/subscriptions/3c2067eb-14d4-42da-83ca-73316e5fce7a/resourceGroups/rg-ace-DevTest-WUS/providers/Microsoft.Network/virtualNetworks/ace/subnets/snet-adds",
            "network_security_group_id": "/subscriptions/3c2067eb-14d4-42da-83ca-73316e5fce7a/resourceGroups/rg-ace-DevTest-WUS/providers/Microsoft.Network/networkSecurityGroups/nsg-1",
            "subnet_id": "/subscriptions/3c2067eb-14d4-42da-83ca-73316e5fce7a/resourceGroups/rg-ace-DevTest-WUS/providers/Microsoft.Network/virtualNetworks/ace/subnets/snet-adds",
            "timeouts": null
          },
          "sensitive_attributes": [],
          "private": "eyJlMmJmYjczMC1lY2FhLTExZTYtOGY4OC0zNDM2M2JjN2M0YzAiOnsiY3JlYXRlIjoxODAwMDAwMDAwMDAwLCJkZWxldGUiOjE4MDAwMDAwMDAwMDAsInJlYWQiOjMwMDAwMDAwMDAwMCwidXBkYXRlIjoxODAwMDAwMDAwMDAwfX0=",
          "dependencies": [
            "azurerm_resource_group.rg",
            "azurerm_subnet.snet_adds",
            "azurerm_virtual_network.vnet",
            "azurerm_network_security_group.nsg"
          ]
        }
      ]
    },
    {
      "mode": "managed",
      "type": "azurerm_subnet_network_security_group_association",
      "name": "nsg_association2",
      "provider": "provider[\"registry.terraform.io/hashicorp/azurerm\"]",
      "instances": [
        {
          "schema_version": 0,
          "attributes": {
            "id": "/subscriptions/3c2067eb-14d4-42da-83ca-73316e5fce7a/resourceGroups/rg-ace-DevTest-WUS/providers/Microsoft.Network/virtualNetworks/ace/subnets/snet-web",
            "network_security_group_id": "/subscriptions/3c2067eb-14d4-42da-83ca-73316e5fce7a/resourceGroups/rg-ace-DevTest-WUS/providers/Microsoft.Network/networkSecurityGroups/nsg-1",
            "subnet_id": "/subscriptions/3c2067eb-14d4-42da-83ca-73316e5fce7a/resourceGroups/rg-ace-DevTest-WUS/providers/Microsoft.Network/virtualNetworks/ace/subnets/snet-web",
            "timeouts": null
          },
          "sensitive_attributes": [],
          "private": "eyJlMmJmYjczMC1lY2FhLTExZTYtOGY4OC0zNDM2M2JjN2M0YzAiOnsiY3JlYXRlIjoxODAwMDAwMDAwMDAwLCJkZWxldGUiOjE4MDAwMDAwMDAwMDAsInJlYWQiOjMwMDAwMDAwMDAwMCwidXBkYXRlIjoxODAwMDAwMDAwMDAwfX0=",
          "dependencies": [
            "azurerm_network_security_group.nsg",
            "azurerm_resource_group.rg",
            "azurerm_subnet.snet_web",
            "azurerm_virtual_network.vnet"
          ]
        }
      ]
    },
    {
      "mode": "managed",
      "type": "azurerm_virtual_network",
      "name": "vnet",
      "provider": "provider[\"registry.terraform.io/hashicorp/azurerm\"]",
      "instances": [
        {
          "schema_version": 0,
          "attributes": {
            "address_space": [
              "172.16.0.0/16"
            ],
            "bgp_community": "",
            "ddos_protection_plan": [],
            "dns_servers": [
              "172.16.4.4",
              "172.16.4.5"
            ],
            "edge_zone": "",
            "flow_timeout_in_minutes": 0,
            "guid": "d18e0d15-5c03-4b42-9127-5243daabe640",
            "id": "/subscriptions/3c2067eb-14d4-42da-83ca-73316e5fce7a/resourceGroups/rg-ace-DevTest-WUS/providers/Microsoft.Network/virtualNetworks/ace",
            "location": "westus",
            "name": "ace",
            "resource_group_name": "rg-ace-DevTest-WUS",
            "subnet": [
              {
                "address_prefix": "172.16.0.128/25",
                "id": "/subscriptions/3c2067eb-14d4-42da-83ca-73316e5fce7a/resourceGroups/rg-ace-DevTest-WUS/providers/Microsoft.Network/virtualNetworks/ace/subnets/AzureBastionSubnet",
                "name": "AzureBastionSubnet",
                "security_group": ""
              },
              {
                "address_prefix": "172.16.1.0/24",
                "id": "/subscriptions/3c2067eb-14d4-42da-83ca-73316e5fce7a/resourceGroups/rg-ace-DevTest-WUS/providers/Microsoft.Network/virtualNetworks/ace/subnets/snet-web",
                "name": "snet-web",
                "security_group": "/subscriptions/3c2067eb-14d4-42da-83ca-73316e5fce7a/resourceGroups/rg-ace-DevTest-WUS/providers/Microsoft.Network/networkSecurityGroups/nsg-1"
              },
              {
                "address_prefix": "172.16.255.224/27",
                "id": "/subscriptions/3c2067eb-14d4-42da-83ca-73316e5fce7a/resourceGroups/rg-ace-DevTest-WUS/providers/Microsoft.Network/virtualNetworks/ace/subnets/GatewaySubnet",
                "name": "GatewaySubnet",
                "security_group": ""
              },
              {
                "address_prefix": "172.16.4.0/27",
                "id": "/subscriptions/3c2067eb-14d4-42da-83ca-73316e5fce7a/resourceGroups/rg-ace-DevTest-WUS/providers/Microsoft.Network/virtualNetworks/ace/subnets/snet-adds",
                "name": "snet-adds",
                "security_group": "/subscriptions/3c2067eb-14d4-42da-83ca-73316e5fce7a/resourceGroups/rg-ace-DevTest-WUS/providers/Microsoft.Network/networkSecurityGroups/nsg-1"
              }
            ],
            "tags": {
              "terraform": "true"
            },
            "timeouts": null
          },
          "sensitive_attributes": [],
          "private": "eyJlMmJmYjczMC1lY2FhLTExZTYtOGY4OC0zNDM2M2JjN2M0YzAiOnsiY3JlYXRlIjoxODAwMDAwMDAwMDAwLCJkZWxldGUiOjE4MDAwMDAwMDAwMDAsInJlYWQiOjMwMDAwMDAwMDAwMCwidXBkYXRlIjoxODAwMDAwMDAwMDAwfX0=",
          "dependencies": [
            "azurerm_resource_group.rg"
          ]
        }
      ]
    },
    {
      "module": "module.Bastion",
      "mode": "managed",
      "type": "azurerm_bastion_host",
      "name": "bastion",
      "provider": "provider[\"registry.terraform.io/hashicorp/azurerm\"]",
      "instances": [
        {
          "schema_version": 0,
          "attributes": {
            "copy_paste_enabled": true,
            "dns_name": "bst-9768224d-b0b2-4cdf-a1e1-49f245b1f198.bastion.azure.com",
            "file_copy_enabled": false,
            "id": "/subscriptions/3c2067eb-14d4-42da-83ca-73316e5fce7a/resourceGroups/rg-ace-DevTest-WUS/providers/Microsoft.Network/bastionHosts/bastion",
            "ip_configuration": [
              {
                "name": "configuration",
                "public_ip_address_id": "/subscriptions/3c2067eb-14d4-42da-83ca-73316e5fce7a/resourceGroups/rg-ace-DevTest-WUS/providers/Microsoft.Network/publicIPAddresses/pip_bastion",
                "subnet_id": "/subscriptions/3c2067eb-14d4-42da-83ca-73316e5fce7a/resourceGroups/rg-ace-DevTest-WUS/providers/Microsoft.Network/virtualNetworks/ace/subnets/AzureBastionSubnet"
              }
            ],
            "ip_connect_enabled": false,
            "location": "westus",
            "name": "bastion",
            "resource_group_name": "rg-ace-DevTest-WUS",
            "scale_units": 2,
            "shareable_link_enabled": false,
            "sku": "Basic",
            "tags": {},
            "timeouts": null,
            "tunneling_enabled": false
          },
          "sensitive_attributes": [],
          "private": "eyJlMmJmYjczMC1lY2FhLTExZTYtOGY4OC0zNDM2M2JjN2M0YzAiOnsiY3JlYXRlIjoxODAwMDAwMDAwMDAwLCJkZWxldGUiOjE4MDAwMDAwMDAwMDAsInJlYWQiOjMwMDAwMDAwMDAwMCwidXBkYXRlIjoxODAwMDAwMDAwMDAwfX0=",
          "dependencies": [
            "azurerm_resource_group.rg",
            "azurerm_subnet.snet_bastion",
            "azurerm_virtual_network.vnet",
            "module.Bastion.azurerm_public_ip.pip"
          ]
        }
      ]
    },
    {
      "module": "module.Bastion",
      "mode": "managed",
      "type": "azurerm_public_ip",
      "name": "pip",
      "provider": "provider[\"registry.terraform.io/hashicorp/azurerm\"]",
      "instances": [
        {
          "schema_version": 0,
          "attributes": {
            "allocation_method": "Static",
            "domain_name_label": null,
            "edge_zone": "",
            "fqdn": null,
            "id": "/subscriptions/3c2067eb-14d4-42da-83ca-73316e5fce7a/resourceGroups/rg-ace-DevTest-WUS/providers/Microsoft.Network/publicIPAddresses/pip_bastion",
            "idle_timeout_in_minutes": 4,
            "ip_address": "20.253.129.69",
            "ip_tags": {},
            "ip_version": "IPv4",
            "location": "westus",
            "name": "pip_bastion",
            "public_ip_prefix_id": null,
            "resource_group_name": "rg-ace-DevTest-WUS",
            "reverse_fqdn": null,
            "sku": "Standard",
            "sku_tier": "Regional",
            "tags": {},
            "timeouts": null,
            "zones": []
          },
          "sensitive_attributes": [],
          "private": "eyJlMmJmYjczMC1lY2FhLTExZTYtOGY4OC0zNDM2M2JjN2M0YzAiOnsiY3JlYXRlIjoxODAwMDAwMDAwMDAwLCJkZWxldGUiOjE4MDAwMDAwMDAwMDAsInJlYWQiOjMwMDAwMDAwMDAwMCwidXBkYXRlIjoxODAwMDAwMDAwMDAwfX0=",
          "dependencies": [
            "azurerm_resource_group.rg"
          ]
        }
      ]
    },
    {
      "module": "module.lb",
      "mode": "managed",
      "type": "azurerm_lb",
      "name": "lb",
      "provider": "provider[\"registry.terraform.io/hashicorp/azurerm\"]",
      "instances": [
        {
          "schema_version": 0,
          "attributes": {
            "edge_zone": "",
            "frontend_ip_configuration": [
              {
                "gateway_load_balancer_frontend_ip_configuration_id": "",
                "id": "/subscriptions/3c2067eb-14d4-42da-83ca-73316e5fce7a/resourceGroups/rg-ace-DevTest-WUS/providers/Microsoft.Network/loadBalancers/lb-web/frontendIPConfigurations/PrivateIPAddress",
                "inbound_nat_rules": [],
                "load_balancer_rules": [
                  "/subscriptions/3c2067eb-14d4-42da-83ca-73316e5fce7a/resourceGroups/rg-ace-DevTest-WUS/providers/Microsoft.Network/loadBalancers/lb-web/loadBalancingRules/LBRule443",
                  "/subscriptions/3c2067eb-14d4-42da-83ca-73316e5fce7a/resourceGroups/rg-ace-DevTest-WUS/providers/Microsoft.Network/loadBalancers/lb-web/loadBalancingRules/LBRule80"
                ],
                "name": "PrivateIPAddress",
                "outbound_rules": [],
                "private_ip_address": "172.16.1.4",
                "private_ip_address_allocation": "Static",
                "private_ip_address_version": "IPv4",
                "public_ip_address_id": "",
                "public_ip_prefix_id": "",
                "subnet_id": "/subscriptions/3c2067eb-14d4-42da-83ca-73316e5fce7a/resourceGroups/rg-ace-DevTest-WUS/providers/Microsoft.Network/virtualNetworks/ace/subnets/snet-web",
                "zones": []
              }
            ],
            "id": "/subscriptions/3c2067eb-14d4-42da-83ca-73316e5fce7a/resourceGroups/rg-ace-DevTest-WUS/providers/Microsoft.Network/loadBalancers/lb-web",
            "location": "westus",
            "name": "lb-web",
            "private_ip_address": "172.16.1.4",
            "private_ip_addresses": [
              "172.16.1.4"
            ],
            "resource_group_name": "rg-ace-DevTest-WUS",
            "sku": "Standard",
            "sku_tier": "Regional",
            "tags": {
              "terraform": "true"
            },
            "timeouts": null
          },
          "sensitive_attributes": [],
          "private": "eyJlMmJmYjczMC1lY2FhLTExZTYtOGY4OC0zNDM2M2JjN2M0YzAiOnsiY3JlYXRlIjoxODAwMDAwMDAwMDAwLCJkZWxldGUiOjE4MDAwMDAwMDAwMDAsInJlYWQiOjMwMDAwMDAwMDAwMCwidXBkYXRlIjoxODAwMDAwMDAwMDAwfX0=",
          "dependencies": [
            "azurerm_virtual_network.vnet",
            "azurerm_resource_group.rg",
            "azurerm_subnet.snet_web"
          ]
        }
      ]
    },
    {
      "module": "module.lb",
      "mode": "managed",
      "type": "azurerm_lb_backend_address_pool",
      "name": "lb_backend",
      "provider": "provider[\"registry.terraform.io/hashicorp/azurerm\"]",
      "instances": [
        {
          "schema_version": 0,
          "attributes": {
            "backend_ip_configurations": [],
            "id": "/subscriptions/3c2067eb-14d4-42da-83ca-73316e5fce7a/resourceGroups/rg-ace-DevTest-WUS/providers/Microsoft.Network/loadBalancers/lb-web/backendAddressPools/BackEndAddressPool",
            "load_balancing_rules": [],
            "loadbalancer_id": "/subscriptions/3c2067eb-14d4-42da-83ca-73316e5fce7a/resourceGroups/rg-ace-DevTest-WUS/providers/Microsoft.Network/loadBalancers/lb-web",
            "name": "BackEndAddressPool",
            "outbound_rules": [],
            "timeouts": null,
            "tunnel_interface": []
          },
          "sensitive_attributes": [],
          "private": "eyJlMmJmYjczMC1lY2FhLTExZTYtOGY4OC0zNDM2M2JjN2M0YzAiOnsiY3JlYXRlIjoxODAwMDAwMDAwMDAwLCJkZWxldGUiOjE4MDAwMDAwMDAwMDAsInJlYWQiOjMwMDAwMDAwMDAwMCwidXBkYXRlIjoxODAwMDAwMDAwMDAwfX0=",
          "dependencies": [
            "azurerm_resource_group.rg",
            "azurerm_subnet.snet_web",
            "azurerm_virtual_network.vnet",
            "module.lb.azurerm_lb.lb"
          ]
        }
      ]
    },
    {
      "module": "module.lb",
      "mode": "managed",
      "type": "azurerm_lb_backend_address_pool_address",
      "name": "lb_pool_address",
      "provider": "provider[\"registry.terraform.io/hashicorp/azurerm\"]",
      "instances": [
        {
          "index_key": "172.16.1.5",
          "schema_version": 0,
          "attributes": {
            "backend_address_pool_id": "/subscriptions/3c2067eb-14d4-42da-83ca-73316e5fce7a/resourceGroups/rg-ace-DevTest-WUS/providers/Microsoft.Network/loadBalancers/lb-web/backendAddressPools/BackEndAddressPool",
            "id": "/subscriptions/3c2067eb-14d4-42da-83ca-73316e5fce7a/resourceGroups/rg-ace-DevTest-WUS/providers/Microsoft.Network/loadBalancers/lb-web/backendAddressPools/BackEndAddressPool/addresses/172.16.1.5-address",
            "ip_address": "172.16.1.5",
            "name": "172.16.1.5-address",
            "timeouts": null,
            "virtual_network_id": "/subscriptions/3c2067eb-14d4-42da-83ca-73316e5fce7a/resourceGroups/rg-ace-DevTest-WUS/providers/Microsoft.Network/virtualNetworks/ace"
          },
          "sensitive_attributes": [],
          "private": "eyJlMmJmYjczMC1lY2FhLTExZTYtOGY4OC0zNDM2M2JjN2M0YzAiOnsiY3JlYXRlIjoxODAwMDAwMDAwMDAwLCJkZWxldGUiOjE4MDAwMDAwMDAwMDAsInJlYWQiOjMwMDAwMDAwMDAwMCwidXBkYXRlIjoxODAwMDAwMDAwMDAwfX0=",
          "dependencies": [
            "azurerm_resource_group.rg",
            "azurerm_subnet.snet_web",
            "azurerm_virtual_network.vnet",
            "module.lb.azurerm_lb.lb",
            "module.lb.azurerm_lb_backend_address_pool.lb_backend"
          ]
        },
        {
          "index_key": "172.16.1.6",
          "schema_version": 0,
          "attributes": {
            "backend_address_pool_id": "/subscriptions/3c2067eb-14d4-42da-83ca-73316e5fce7a/resourceGroups/rg-ace-DevTest-WUS/providers/Microsoft.Network/loadBalancers/lb-web/backendAddressPools/BackEndAddressPool",
            "id": "/subscriptions/3c2067eb-14d4-42da-83ca-73316e5fce7a/resourceGroups/rg-ace-DevTest-WUS/providers/Microsoft.Network/loadBalancers/lb-web/backendAddressPools/BackEndAddressPool/addresses/172.16.1.6-address",
            "ip_address": "172.16.1.6",
            "name": "172.16.1.6-address",
            "timeouts": null,
            "virtual_network_id": "/subscriptions/3c2067eb-14d4-42da-83ca-73316e5fce7a/resourceGroups/rg-ace-DevTest-WUS/providers/Microsoft.Network/virtualNetworks/ace"
          },
          "sensitive_attributes": [],
          "private": "eyJlMmJmYjczMC1lY2FhLTExZTYtOGY4OC0zNDM2M2JjN2M0YzAiOnsiY3JlYXRlIjoxODAwMDAwMDAwMDAwLCJkZWxldGUiOjE4MDAwMDAwMDAwMDAsInJlYWQiOjMwMDAwMDAwMDAwMCwidXBkYXRlIjoxODAwMDAwMDAwMDAwfX0=",
          "dependencies": [
            "azurerm_resource_group.rg",
            "azurerm_subnet.snet_web",
            "azurerm_virtual_network.vnet",
            "module.lb.azurerm_lb.lb",
            "module.lb.azurerm_lb_backend_address_pool.lb_backend"
          ]
        }
      ]
    },
    {
      "module": "module.lb",
      "mode": "managed",
      "type": "azurerm_lb_probe",
      "name": "probe443",
      "provider": "provider[\"registry.terraform.io/hashicorp/azurerm\"]",
      "instances": [
        {
          "schema_version": 0,
          "attributes": {
            "id": "/subscriptions/3c2067eb-14d4-42da-83ca-73316e5fce7a/resourceGroups/rg-ace-DevTest-WUS/providers/Microsoft.Network/loadBalancers/lb-web/probes/443-running-probe",
            "interval_in_seconds": 15,
            "load_balancer_rules": [],
            "loadbalancer_id": "/subscriptions/3c2067eb-14d4-42da-83ca-73316e5fce7a/resourceGroups/rg-ace-DevTest-WUS/providers/Microsoft.Network/loadBalancers/lb-web",
            "name": "443-running-probe",
            "number_of_probes": 2,
            "port": 443,
            "protocol": "Tcp",
            "request_path": "",
            "timeouts": null
          },
          "sensitive_attributes": [],
          "private": "eyJlMmJmYjczMC1lY2FhLTExZTYtOGY4OC0zNDM2M2JjN2M0YzAiOnsiY3JlYXRlIjoxODAwMDAwMDAwMDAwLCJkZWxldGUiOjE4MDAwMDAwMDAwMDAsInJlYWQiOjMwMDAwMDAwMDAwMCwidXBkYXRlIjoxODAwMDAwMDAwMDAwfX0=",
          "dependencies": [
            "azurerm_resource_group.rg",
            "azurerm_subnet.snet_web",
            "azurerm_virtual_network.vnet",
            "module.lb.azurerm_lb.lb"
          ]
        }
      ]
    },
    {
      "module": "module.lb",
      "mode": "managed",
      "type": "azurerm_lb_probe",
      "name": "probe80",
      "provider": "provider[\"registry.terraform.io/hashicorp/azurerm\"]",
      "instances": [
        {
          "schema_version": 0,
          "attributes": {
            "id": "/subscriptions/3c2067eb-14d4-42da-83ca-73316e5fce7a/resourceGroups/rg-ace-DevTest-WUS/providers/Microsoft.Network/loadBalancers/lb-web/probes/80-running-probe",
            "interval_in_seconds": 15,
            "load_balancer_rules": [],
            "loadbalancer_id": "/subscriptions/3c2067eb-14d4-42da-83ca-73316e5fce7a/resourceGroups/rg-ace-DevTest-WUS/providers/Microsoft.Network/loadBalancers/lb-web",
            "name": "80-running-probe",
            "number_of_probes": 2,
            "port": 80,
            "protocol": "Tcp",
            "request_path": "",
            "timeouts": null
          },
          "sensitive_attributes": [],
          "private": "eyJlMmJmYjczMC1lY2FhLTExZTYtOGY4OC0zNDM2M2JjN2M0YzAiOnsiY3JlYXRlIjoxODAwMDAwMDAwMDAwLCJkZWxldGUiOjE4MDAwMDAwMDAwMDAsInJlYWQiOjMwMDAwMDAwMDAwMCwidXBkYXRlIjoxODAwMDAwMDAwMDAwfX0=",
          "dependencies": [
            "azurerm_resource_group.rg",
            "azurerm_subnet.snet_web",
            "azurerm_virtual_network.vnet",
            "module.lb.azurerm_lb.lb"
          ]
        }
      ]
    },
    {
      "module": "module.lb",
      "mode": "managed",
      "type": "azurerm_lb_rule",
      "name": "rule443",
      "provider": "provider[\"registry.terraform.io/hashicorp/azurerm\"]",
      "instances": [
        {
          "schema_version": 0,
          "attributes": {
            "backend_address_pool_ids": [],
            "backend_port": 443,
            "disable_outbound_snat": false,
            "enable_floating_ip": false,
            "enable_tcp_reset": false,
            "frontend_ip_configuration_id": "/subscriptions/3c2067eb-14d4-42da-83ca-73316e5fce7a/resourceGroups/rg-ace-DevTest-WUS/providers/Microsoft.Network/loadBalancers/lb-web/frontendIPConfigurations/PrivateIPAddress",
            "frontend_ip_configuration_name": "PrivateIPAddress",
            "frontend_port": 443,
            "id": "/subscriptions/3c2067eb-14d4-42da-83ca-73316e5fce7a/resourceGroups/rg-ace-DevTest-WUS/providers/Microsoft.Network/loadBalancers/lb-web/loadBalancingRules/LBRule443",
            "idle_timeout_in_minutes": 4,
            "load_distribution": "Default",
            "loadbalancer_id": "/subscriptions/3c2067eb-14d4-42da-83ca-73316e5fce7a/resourceGroups/rg-ace-DevTest-WUS/providers/Microsoft.Network/loadBalancers/lb-web",
            "name": "LBRule443",
            "probe_id": "",
            "protocol": "Tcp",
            "timeouts": null
          },
          "sensitive_attributes": [],
          "private": "eyJlMmJmYjczMC1lY2FhLTExZTYtOGY4OC0zNDM2M2JjN2M0YzAiOnsiY3JlYXRlIjoxODAwMDAwMDAwMDAwLCJkZWxldGUiOjE4MDAwMDAwMDAwMDAsInJlYWQiOjMwMDAwMDAwMDAwMCwidXBkYXRlIjoxODAwMDAwMDAwMDAwfX0=",
          "dependencies": [
            "azurerm_resource_group.rg",
            "azurerm_subnet.snet_web",
            "azurerm_virtual_network.vnet",
            "module.lb.azurerm_lb.lb"
          ]
        }
      ]
    },
    {
      "module": "module.lb",
      "mode": "managed",
      "type": "azurerm_lb_rule",
      "name": "rule80",
      "provider": "provider[\"registry.terraform.io/hashicorp/azurerm\"]",
      "instances": [
        {
          "schema_version": 0,
          "attributes": {
            "backend_address_pool_ids": [],
            "backend_port": 80,
            "disable_outbound_snat": false,
            "enable_floating_ip": false,
            "enable_tcp_reset": false,
            "frontend_ip_configuration_id": "/subscriptions/3c2067eb-14d4-42da-83ca-73316e5fce7a/resourceGroups/rg-ace-DevTest-WUS/providers/Microsoft.Network/loadBalancers/lb-web/frontendIPConfigurations/PrivateIPAddress",
            "frontend_ip_configuration_name": "PrivateIPAddress",
            "frontend_port": 80,
            "id": "/subscriptions/3c2067eb-14d4-42da-83ca-73316e5fce7a/resourceGroups/rg-ace-DevTest-WUS/providers/Microsoft.Network/loadBalancers/lb-web/loadBalancingRules/LBRule80",
            "idle_timeout_in_minutes": 4,
            "load_distribution": "Default",
            "loadbalancer_id": "/subscriptions/3c2067eb-14d4-42da-83ca-73316e5fce7a/resourceGroups/rg-ace-DevTest-WUS/providers/Microsoft.Network/loadBalancers/lb-web",
            "name": "LBRule80",
            "probe_id": "",
            "protocol": "Tcp",
            "timeouts": null
          },
          "sensitive_attributes": [],
          "private": "eyJlMmJmYjczMC1lY2FhLTExZTYtOGY4OC0zNDM2M2JjN2M0YzAiOnsiY3JlYXRlIjoxODAwMDAwMDAwMDAwLCJkZWxldGUiOjE4MDAwMDAwMDAwMDAsInJlYWQiOjMwMDAwMDAwMDAwMCwidXBkYXRlIjoxODAwMDAwMDAwMDAwfX0=",
          "dependencies": [
            "azurerm_resource_group.rg",
            "azurerm_subnet.snet_web",
            "azurerm_virtual_network.vnet",
            "module.lb.azurerm_lb.lb"
          ]
        }
      ]
    },
    {
      "module": "module.lb",
      "mode": "managed",
      "type": "azurerm_public_ip",
      "name": "pip",
      "provider": "provider[\"registry.terraform.io/hashicorp/azurerm\"]",
      "instances": [
        {
          "schema_version": 0,
          "attributes": {
            "allocation_method": "Static",
            "domain_name_label": null,
            "edge_zone": "",
            "fqdn": null,
            "id": "/subscriptions/3c2067eb-14d4-42da-83ca-73316e5fce7a/resourceGroups/rg-ace-DevTest-WUS/providers/Microsoft.Network/publicIPAddresses/pip-lb",
            "idle_timeout_in_minutes": 4,
            "ip_address": "20.253.133.82",
            "ip_tags": {},
            "ip_version": "IPv4",
            "location": "westus",
            "name": "pip-lb",
            "public_ip_prefix_id": null,
            "resource_group_name": "rg-ace-DevTest-WUS",
            "reverse_fqdn": null,
            "sku": "Basic",
            "sku_tier": "Regional",
            "tags": {
              "terraform": "true"
            },
            "timeouts": null,
            "zones": []
          },
          "sensitive_attributes": [],
          "private": "eyJlMmJmYjczMC1lY2FhLTExZTYtOGY4OC0zNDM2M2JjN2M0YzAiOnsiY3JlYXRlIjoxODAwMDAwMDAwMDAwLCJkZWxldGUiOjE4MDAwMDAwMDAwMDAsInJlYWQiOjMwMDAwMDAwMDAwMCwidXBkYXRlIjoxODAwMDAwMDAwMDAwfX0=",
          "dependencies": [
            "azurerm_resource_group.rg"
          ]
        }
      ]
    },
    {
      "module": "module.vm_dc1",
      "mode": "managed",
      "type": "azurerm_managed_disk",
      "name": "data",
      "provider": "provider[\"registry.terraform.io/hashicorp/azurerm\"]",
      "instances": [
        {
          "schema_version": 0,
          "attributes": {
            "create_option": "Empty",
            "disk_access_id": "",
            "disk_encryption_set_id": "",
            "disk_iops_read_only": 0,
            "disk_iops_read_write": 500,
            "disk_mbps_read_only": 0,
            "disk_mbps_read_write": 60,
            "disk_size_gb": 8,
            "edge_zone": "",
            "encryption_settings": [],
            "gallery_image_reference_id": "",
            "hyper_v_generation": "",
            "id": "/subscriptions/3c2067eb-14d4-42da-83ca-73316e5fce7a/resourceGroups/rg-ace-DevTest-WUS/providers/Microsoft.Compute/disks/vmacedc1-disk1",
            "image_reference_id": "",
            "location": "westus",
            "logical_sector_size": null,
            "max_shares": 0,
            "name": "vmacedc1-disk1",
            "network_access_policy": null,
            "on_demand_bursting_enabled": false,
            "os_type": "",
            "public_network_access_enabled": true,
            "resource_group_name": "rg-ace-DevTest-WUS",
            "secure_vm_disk_encryption_set_id": "",
            "security_type": "",
            "source_resource_id": "",
            "source_uri": "",
            "storage_account_id": "",
            "storage_account_type": "Standard_LRS",
            "tags": null,
            "tier": "",
            "timeouts": null,
            "trusted_launch_enabled": false,
            "zone": ""
          },
          "sensitive_attributes": [],
          "private": "eyJlMmJmYjczMC1lY2FhLTExZTYtOGY4OC0zNDM2M2JjN2M0YzAiOnsiY3JlYXRlIjoxODAwMDAwMDAwMDAwLCJkZWxldGUiOjE4MDAwMDAwMDAwMDAsInJlYWQiOjMwMDAwMDAwMDAwMCwidXBkYXRlIjoxODAwMDAwMDAwMDAwfX0=",
          "dependencies": [
            "azurerm_resource_group.rg",
            "azurerm_subnet.snet_adds",
            "module.vm_dc1.azurerm_network_interface.nic",
            "module.vm_dc1.azurerm_windows_virtual_machine.vm"
          ]
        }
      ]
    },
    {
      "module": "module.vm_dc1",
      "mode": "managed",
      "type": "azurerm_network_interface",
      "name": "nic",
      "provider": "provider[\"registry.terraform.io/hashicorp/azurerm\"]",
      "instances": [
        {
          "schema_version": 0,
          "attributes": {
            "applied_dns_servers": [],
            "dns_servers": [],
            "edge_zone": "",
            "enable_accelerated_networking": false,
            "enable_ip_forwarding": false,
            "id": "/subscriptions/3c2067eb-14d4-42da-83ca-73316e5fce7a/resourceGroups/rg-ace-DevTest-WUS/providers/Microsoft.Network/networkInterfaces/nic_acedc1",
            "internal_dns_name_label": "",
            "internal_domain_name_suffix": "cugy3uidlrbexejhkjb3vk5gia.dx.internal.cloudapp.net",
            "ip_configuration": [
              {
                "gateway_load_balancer_frontend_ip_configuration_id": "",
                "name": "internal",
                "primary": true,
                "private_ip_address": "172.16.4.4",
                "private_ip_address_allocation": "Static",
                "private_ip_address_version": "IPv4",
                "public_ip_address_id": "",
                "subnet_id": "/subscriptions/3c2067eb-14d4-42da-83ca-73316e5fce7a/resourceGroups/rg-ace-DevTest-WUS/providers/Microsoft.Network/virtualNetworks/ace/subnets/snet-adds"
              }
            ],
            "location": "westus",
            "mac_address": "",
            "name": "nic_acedc1",
            "private_ip_address": "172.16.4.4",
            "private_ip_addresses": [
              "172.16.4.4"
            ],
            "resource_group_name": "rg-ace-DevTest-WUS",
            "tags": {
              "terraform": "true"
            },
            "timeouts": null,
            "virtual_machine_id": ""
          },
          "sensitive_attributes": [],
          "private": "eyJlMmJmYjczMC1lY2FhLTExZTYtOGY4OC0zNDM2M2JjN2M0YzAiOnsiY3JlYXRlIjoxODAwMDAwMDAwMDAwLCJkZWxldGUiOjE4MDAwMDAwMDAwMDAsInJlYWQiOjMwMDAwMDAwMDAwMCwidXBkYXRlIjoxODAwMDAwMDAwMDAwfX0=",
          "dependencies": [
            "azurerm_resource_group.rg",
            "azurerm_subnet.snet_adds"
          ]
        }
      ]
    },
    {
      "module": "module.vm_dc1",
      "mode": "managed",
      "type": "azurerm_virtual_machine_data_disk_attachment",
      "name": "attachment",
      "provider": "provider[\"registry.terraform.io/hashicorp/azurerm\"]",
      "instances": [
        {
          "schema_version": 0,
          "attributes": {
            "caching": "None",
            "create_option": "Attach",
            "id": "/subscriptions/3c2067eb-14d4-42da-83ca-73316e5fce7a/resourceGroups/rg-ace-DevTest-WUS/providers/Microsoft.Compute/virtualMachines/vmacedc1/dataDisks/vmacedc1-disk1",
            "lun": 10,
            "managed_disk_id": "/subscriptions/3c2067eb-14d4-42da-83ca-73316e5fce7a/resourceGroups/rg-ace-DevTest-WUS/providers/Microsoft.Compute/disks/vmacedc1-disk1",
            "timeouts": null,
            "virtual_machine_id": "/subscriptions/3c2067eb-14d4-42da-83ca-73316e5fce7a/resourceGroups/rg-ace-DevTest-WUS/providers/Microsoft.Compute/virtualMachines/vmacedc1",
            "write_accelerator_enabled": false
          },
          "sensitive_attributes": [],
          "private": "eyJlMmJmYjczMC1lY2FhLTExZTYtOGY4OC0zNDM2M2JjN2M0YzAiOnsiY3JlYXRlIjoxODAwMDAwMDAwMDAwLCJkZWxldGUiOjE4MDAwMDAwMDAwMDAsInJlYWQiOjMwMDAwMDAwMDAwMCwidXBkYXRlIjoxODAwMDAwMDAwMDAwfX0=",
          "dependencies": [
            "azurerm_resource_group.rg",
            "azurerm_subnet.snet_adds",
            "module.vm_dc1.azurerm_managed_disk.data",
            "module.vm_dc1.azurerm_network_interface.nic",
            "module.vm_dc1.azurerm_windows_virtual_machine.vm"
          ]
        }
      ]
    },
    {
      "module": "module.vm_dc1",
      "mode": "managed",
      "type": "azurerm_windows_virtual_machine",
      "name": "vm",
      "provider": "provider[\"registry.terraform.io/hashicorp/azurerm\"]",
      "instances": [
        {
          "schema_version": 0,
          "attributes": {
            "additional_capabilities": [],
            "additional_unattend_content": [],
            "admin_password": "Super123!",
            "admin_username": "jfluckiger",
            "allow_extension_operations": true,
            "availability_set_id": "",
            "boot_diagnostics": [],
            "computer_name": "vmacedc1",
            "custom_data": null,
            "dedicated_host_group_id": "",
            "dedicated_host_id": "",
            "edge_zone": "",
            "enable_automatic_updates": true,
            "encryption_at_host_enabled": false,
            "eviction_policy": "",
            "extensions_time_budget": "PT1H30M",
            "hotpatching_enabled": false,
            "id": "/subscriptions/3c2067eb-14d4-42da-83ca-73316e5fce7a/resourceGroups/rg-ace-DevTest-WUS/providers/Microsoft.Compute/virtualMachines/vmacedc1",
            "identity": [],
            "license_type": "",
            "location": "westus",
            "max_bid_price": -1,
            "name": "vmacedc1",
            "network_interface_ids": [
              "/subscriptions/3c2067eb-14d4-42da-83ca-73316e5fce7a/resourceGroups/rg-ace-DevTest-WUS/providers/Microsoft.Network/networkInterfaces/nic_acedc1"
            ],
            "os_disk": [
              {
                "caching": "ReadWrite",
                "diff_disk_settings": [],
                "disk_encryption_set_id": "",
                "disk_size_gb": 127,
                "name": "vmacedc1_OsDisk_1_7d6c42b76fd24205918cb518895935ef",
                "secure_vm_disk_encryption_set_id": "",
                "security_encryption_type": "",
                "storage_account_type": "Standard_LRS",
                "write_accelerator_enabled": false
              }
            ],
            "patch_mode": "AutomaticByOS",
            "plan": [],
            "platform_fault_domain": -1,
            "priority": "Regular",
            "private_ip_address": "172.16.4.4",
            "private_ip_addresses": [
              "172.16.4.4"
            ],
            "provision_vm_agent": true,
            "proximity_placement_group_id": "",
            "public_ip_address": "",
            "public_ip_addresses": [],
            "resource_group_name": "rg-ace-DevTest-WUS",
            "secret": [],
            "secure_boot_enabled": false,
            "size": "Standard_F2",
            "source_image_id": "",
            "source_image_reference": [
              {
                "offer": "WindowsServer",
                "publisher": "MicrosoftWindowsServer",
                "sku": "2019-Datacenter",
                "version": "latest"
              }
            ],
            "tags": {
              "terraform": "true"
            },
            "termination_notification": null,
            "timeouts": null,
            "timezone": "",
            "user_data": "",
            "virtual_machine_id": "58810e91-9fcb-411e-a774-2a93de727546",
            "virtual_machine_scale_set_id": "",
            "vtpm_enabled": false,
            "winrm_listener": [],
            "zone": ""
          },
          "sensitive_attributes": [
            [
              {
                "type": "get_attr",
                "value": "admin_password"
              }
            ],
            [
              {
                "type": "get_attr",
                "value": "admin_username"
              }
            ]
          ],
          "private": "eyJlMmJmYjczMC1lY2FhLTExZTYtOGY4OC0zNDM2M2JjN2M0YzAiOnsiY3JlYXRlIjoyNzAwMDAwMDAwMDAwLCJkZWxldGUiOjI3MDAwMDAwMDAwMDAsInJlYWQiOjMwMDAwMDAwMDAwMCwidXBkYXRlIjoyNzAwMDAwMDAwMDAwfX0=",
          "dependencies": [
            "azurerm_resource_group.rg",
            "azurerm_subnet.snet_adds",
            "module.vm_dc1.azurerm_network_interface.nic"
          ]
        }
      ]
    },
    {
      "module": "module.vm_dc2",
      "mode": "managed",
      "type": "azurerm_managed_disk",
      "name": "data",
      "provider": "provider[\"registry.terraform.io/hashicorp/azurerm\"]",
      "instances": [
        {
          "schema_version": 0,
          "attributes": {
            "create_option": "Empty",
            "disk_access_id": "",
            "disk_encryption_set_id": "",
            "disk_iops_read_only": 0,
            "disk_iops_read_write": 500,
            "disk_mbps_read_only": 0,
            "disk_mbps_read_write": 60,
            "disk_size_gb": 8,
            "edge_zone": "",
            "encryption_settings": [],
            "gallery_image_reference_id": "",
            "hyper_v_generation": "",
            "id": "/subscriptions/3c2067eb-14d4-42da-83ca-73316e5fce7a/resourceGroups/rg-ace-DevTest-WUS/providers/Microsoft.Compute/disks/vmacedc2-disk1",
            "image_reference_id": "",
            "location": "westus",
            "logical_sector_size": null,
            "max_shares": 0,
            "name": "vmacedc2-disk1",
            "network_access_policy": null,
            "on_demand_bursting_enabled": false,
            "os_type": "",
            "public_network_access_enabled": true,
            "resource_group_name": "rg-ace-DevTest-WUS",
            "secure_vm_disk_encryption_set_id": "",
            "security_type": "",
            "source_resource_id": "",
            "source_uri": "",
            "storage_account_id": "",
            "storage_account_type": "Standard_LRS",
            "tags": null,
            "tier": "",
            "timeouts": null,
            "trusted_launch_enabled": false,
            "zone": ""
          },
          "sensitive_attributes": [],
          "private": "eyJlMmJmYjczMC1lY2FhLTExZTYtOGY4OC0zNDM2M2JjN2M0YzAiOnsiY3JlYXRlIjoxODAwMDAwMDAwMDAwLCJkZWxldGUiOjE4MDAwMDAwMDAwMDAsInJlYWQiOjMwMDAwMDAwMDAwMCwidXBkYXRlIjoxODAwMDAwMDAwMDAwfX0=",
          "dependencies": [
            "azurerm_resource_group.rg",
            "azurerm_subnet.snet_adds",
            "module.vm_dc2.azurerm_network_interface.nic",
            "module.vm_dc2.azurerm_windows_virtual_machine.vm"
          ]
        }
      ]
    },
    {
      "module": "module.vm_dc2",
      "mode": "managed",
      "type": "azurerm_network_interface",
      "name": "nic",
      "provider": "provider[\"registry.terraform.io/hashicorp/azurerm\"]",
      "instances": [
        {
          "schema_version": 0,
          "attributes": {
            "applied_dns_servers": [],
            "dns_servers": [],
            "edge_zone": "",
            "enable_accelerated_networking": false,
            "enable_ip_forwarding": false,
            "id": "/subscriptions/3c2067eb-14d4-42da-83ca-73316e5fce7a/resourceGroups/rg-ace-DevTest-WUS/providers/Microsoft.Network/networkInterfaces/nic_acedc2",
            "internal_dns_name_label": "",
            "internal_domain_name_suffix": "cugy3uidlrbexejhkjb3vk5gia.dx.internal.cloudapp.net",
            "ip_configuration": [
              {
                "gateway_load_balancer_frontend_ip_configuration_id": "",
                "name": "internal",
                "primary": true,
                "private_ip_address": "172.16.4.5",
                "private_ip_address_allocation": "Static",
                "private_ip_address_version": "IPv4",
                "public_ip_address_id": "",
                "subnet_id": "/subscriptions/3c2067eb-14d4-42da-83ca-73316e5fce7a/resourceGroups/rg-ace-DevTest-WUS/providers/Microsoft.Network/virtualNetworks/ace/subnets/snet-adds"
              }
            ],
            "location": "westus",
            "mac_address": "",
            "name": "nic_acedc2",
            "private_ip_address": "172.16.4.5",
            "private_ip_addresses": [
              "172.16.4.5"
            ],
            "resource_group_name": "rg-ace-DevTest-WUS",
            "tags": {
              "terraform": "true"
            },
            "timeouts": null,
            "virtual_machine_id": ""
          },
          "sensitive_attributes": [],
          "private": "eyJlMmJmYjczMC1lY2FhLTExZTYtOGY4OC0zNDM2M2JjN2M0YzAiOnsiY3JlYXRlIjoxODAwMDAwMDAwMDAwLCJkZWxldGUiOjE4MDAwMDAwMDAwMDAsInJlYWQiOjMwMDAwMDAwMDAwMCwidXBkYXRlIjoxODAwMDAwMDAwMDAwfX0=",
          "dependencies": [
            "azurerm_resource_group.rg",
            "azurerm_subnet.snet_adds"
          ]
        }
      ]
    },
    {
      "module": "module.vm_dc2",
      "mode": "managed",
      "type": "azurerm_virtual_machine_data_disk_attachment",
      "name": "attachment",
      "provider": "provider[\"registry.terraform.io/hashicorp/azurerm\"]",
      "instances": [
        {
          "schema_version": 0,
          "attributes": {
            "caching": "None",
            "create_option": "Attach",
            "id": "/subscriptions/3c2067eb-14d4-42da-83ca-73316e5fce7a/resourceGroups/rg-ace-DevTest-WUS/providers/Microsoft.Compute/virtualMachines/vmacedc2/dataDisks/vmacedc2-disk1",
            "lun": 10,
            "managed_disk_id": "/subscriptions/3c2067eb-14d4-42da-83ca-73316e5fce7a/resourceGroups/rg-ace-DevTest-WUS/providers/Microsoft.Compute/disks/vmacedc2-disk1",
            "timeouts": null,
            "virtual_machine_id": "/subscriptions/3c2067eb-14d4-42da-83ca-73316e5fce7a/resourceGroups/rg-ace-DevTest-WUS/providers/Microsoft.Compute/virtualMachines/vmacedc2",
            "write_accelerator_enabled": false
          },
          "sensitive_attributes": [],
          "private": "eyJlMmJmYjczMC1lY2FhLTExZTYtOGY4OC0zNDM2M2JjN2M0YzAiOnsiY3JlYXRlIjoxODAwMDAwMDAwMDAwLCJkZWxldGUiOjE4MDAwMDAwMDAwMDAsInJlYWQiOjMwMDAwMDAwMDAwMCwidXBkYXRlIjoxODAwMDAwMDAwMDAwfX0=",
          "dependencies": [
            "azurerm_resource_group.rg",
            "azurerm_subnet.snet_adds",
            "module.vm_dc2.azurerm_managed_disk.data",
            "module.vm_dc2.azurerm_network_interface.nic",
            "module.vm_dc2.azurerm_windows_virtual_machine.vm"
          ]
        }
      ]
    },
    {
      "module": "module.vm_dc2",
      "mode": "managed",
      "type": "azurerm_windows_virtual_machine",
      "name": "vm",
      "provider": "provider[\"registry.terraform.io/hashicorp/azurerm\"]",
      "instances": [
        {
          "schema_version": 0,
          "attributes": {
            "additional_capabilities": [],
            "additional_unattend_content": [],
            "admin_password": "Super123!",
            "admin_username": "jfluckiger",
            "allow_extension_operations": true,
            "availability_set_id": "",
            "boot_diagnostics": [],
            "computer_name": "vmacedc2",
            "custom_data": null,
            "dedicated_host_group_id": "",
            "dedicated_host_id": "",
            "edge_zone": "",
            "enable_automatic_updates": true,
            "encryption_at_host_enabled": false,
            "eviction_policy": "",
            "extensions_time_budget": "PT1H30M",
            "hotpatching_enabled": false,
            "id": "/subscriptions/3c2067eb-14d4-42da-83ca-73316e5fce7a/resourceGroups/rg-ace-DevTest-WUS/providers/Microsoft.Compute/virtualMachines/vmacedc2",
            "identity": [],
            "license_type": "",
            "location": "westus",
            "max_bid_price": -1,
            "name": "vmacedc2",
            "network_interface_ids": [
              "/subscriptions/3c2067eb-14d4-42da-83ca-73316e5fce7a/resourceGroups/rg-ace-DevTest-WUS/providers/Microsoft.Network/networkInterfaces/nic_acedc2"
            ],
            "os_disk": [
              {
                "caching": "ReadWrite",
                "diff_disk_settings": [],
                "disk_encryption_set_id": "",
                "disk_size_gb": 127,
                "name": "vmacedc2_OsDisk_1_a622719587264790953ed85f025f1934",
                "secure_vm_disk_encryption_set_id": "",
                "security_encryption_type": "",
                "storage_account_type": "Standard_LRS",
                "write_accelerator_enabled": false
              }
            ],
            "patch_mode": "AutomaticByOS",
            "plan": [],
            "platform_fault_domain": -1,
            "priority": "Regular",
            "private_ip_address": "172.16.4.5",
            "private_ip_addresses": [
              "172.16.4.5"
            ],
            "provision_vm_agent": true,
            "proximity_placement_group_id": "",
            "public_ip_address": "",
            "public_ip_addresses": [],
            "resource_group_name": "rg-ace-DevTest-WUS",
            "secret": [],
            "secure_boot_enabled": false,
            "size": "Standard_F2",
            "source_image_id": "",
            "source_image_reference": [
              {
                "offer": "WindowsServer",
                "publisher": "MicrosoftWindowsServer",
                "sku": "2019-Datacenter",
                "version": "latest"
              }
            ],
            "tags": {
              "terraform": "true"
            },
            "termination_notification": null,
            "timeouts": null,
            "timezone": "",
            "user_data": "",
            "virtual_machine_id": "3ccdc3b0-5269-4aaf-af07-f08d4098fedd",
            "virtual_machine_scale_set_id": "",
            "vtpm_enabled": false,
            "winrm_listener": [],
            "zone": ""
          },
          "sensitive_attributes": [
            [
              {
                "type": "get_attr",
                "value": "admin_username"
              }
            ],
            [
              {
                "type": "get_attr",
                "value": "admin_password"
              }
            ]
          ],
          "private": "eyJlMmJmYjczMC1lY2FhLTExZTYtOGY4OC0zNDM2M2JjN2M0YzAiOnsiY3JlYXRlIjoyNzAwMDAwMDAwMDAwLCJkZWxldGUiOjI3MDAwMDAwMDAwMDAsInJlYWQiOjMwMDAwMDAwMDAwMCwidXBkYXRlIjoyNzAwMDAwMDAwMDAwfX0=",
          "dependencies": [
            "azurerm_resource_group.rg",
            "azurerm_subnet.snet_adds",
            "module.vm_dc2.azurerm_network_interface.nic"
          ]
        }
      ]
    },
    {
      "module": "module.vm_web1",
      "mode": "managed",
      "type": "azurerm_managed_disk",
      "name": "data",
      "provider": "provider[\"registry.terraform.io/hashicorp/azurerm\"]",
      "instances": [
        {
          "schema_version": 0,
          "attributes": {
            "create_option": "Empty",
            "disk_access_id": "",
            "disk_encryption_set_id": "",
            "disk_iops_read_only": 0,
            "disk_iops_read_write": 500,
            "disk_mbps_read_only": 0,
            "disk_mbps_read_write": 60,
            "disk_size_gb": 8,
            "edge_zone": "",
            "encryption_settings": [],
            "gallery_image_reference_id": "",
            "hyper_v_generation": "",
            "id": "/subscriptions/3c2067eb-14d4-42da-83ca-73316e5fce7a/resourceGroups/rg-ace-DevTest-WUS/providers/Microsoft.Compute/disks/vmaceweb1-disk1",
            "image_reference_id": "",
            "location": "westus",
            "logical_sector_size": null,
            "max_shares": 0,
            "name": "vmaceweb1-disk1",
            "network_access_policy": null,
            "on_demand_bursting_enabled": false,
            "os_type": "",
            "public_network_access_enabled": true,
            "resource_group_name": "rg-ace-DevTest-WUS",
            "secure_vm_disk_encryption_set_id": "",
            "security_type": "",
            "source_resource_id": "",
            "source_uri": "",
            "storage_account_id": "",
            "storage_account_type": "Standard_LRS",
            "tags": null,
            "tier": "",
            "timeouts": null,
            "trusted_launch_enabled": false,
            "zone": ""
          },
          "sensitive_attributes": [],
          "private": "eyJlMmJmYjczMC1lY2FhLTExZTYtOGY4OC0zNDM2M2JjN2M0YzAiOnsiY3JlYXRlIjoxODAwMDAwMDAwMDAwLCJkZWxldGUiOjE4MDAwMDAwMDAwMDAsInJlYWQiOjMwMDAwMDAwMDAwMCwidXBkYXRlIjoxODAwMDAwMDAwMDAwfX0=",
          "dependencies": [
            "azurerm_resource_group.rg",
            "azurerm_subnet.snet_web",
            "module.vm_web1.azurerm_network_interface.nic",
            "module.vm_web1.azurerm_windows_virtual_machine.vm"
          ]
        }
      ]
    },
    {
      "module": "module.vm_web1",
      "mode": "managed",
      "type": "azurerm_network_interface",
      "name": "nic",
      "provider": "provider[\"registry.terraform.io/hashicorp/azurerm\"]",
      "instances": [
        {
          "schema_version": 0,
          "attributes": {
            "applied_dns_servers": [],
            "dns_servers": [],
            "edge_zone": "",
            "enable_accelerated_networking": false,
            "enable_ip_forwarding": false,
            "id": "/subscriptions/3c2067eb-14d4-42da-83ca-73316e5fce7a/resourceGroups/rg-ace-DevTest-WUS/providers/Microsoft.Network/networkInterfaces/nic_aceweb1",
            "internal_dns_name_label": "",
            "internal_domain_name_suffix": "cugy3uidlrbexejhkjb3vk5gia.dx.internal.cloudapp.net",
            "ip_configuration": [
              {
                "gateway_load_balancer_frontend_ip_configuration_id": "",
                "name": "internal",
                "primary": true,
                "private_ip_address": "172.16.1.5",
                "private_ip_address_allocation": "Static",
                "private_ip_address_version": "IPv4",
                "public_ip_address_id": "",
                "subnet_id": "/subscriptions/3c2067eb-14d4-42da-83ca-73316e5fce7a/resourceGroups/rg-ace-DevTest-WUS/providers/Microsoft.Network/virtualNetworks/ace/subnets/snet-web"
              }
            ],
            "location": "westus",
            "mac_address": "",
            "name": "nic_aceweb1",
            "private_ip_address": "172.16.1.5",
            "private_ip_addresses": [
              "172.16.1.5"
            ],
            "resource_group_name": "rg-ace-DevTest-WUS",
            "tags": {
              "terraform": "true"
            },
            "timeouts": null,
            "virtual_machine_id": ""
          },
          "sensitive_attributes": [],
          "private": "eyJlMmJmYjczMC1lY2FhLTExZTYtOGY4OC0zNDM2M2JjN2M0YzAiOnsiY3JlYXRlIjoxODAwMDAwMDAwMDAwLCJkZWxldGUiOjE4MDAwMDAwMDAwMDAsInJlYWQiOjMwMDAwMDAwMDAwMCwidXBkYXRlIjoxODAwMDAwMDAwMDAwfX0=",
          "dependencies": [
            "azurerm_resource_group.rg",
            "azurerm_subnet.snet_web"
          ]
        }
      ]
    },
    {
      "module": "module.vm_web1",
      "mode": "managed",
      "type": "azurerm_virtual_machine_data_disk_attachment",
      "name": "attachment",
      "provider": "provider[\"registry.terraform.io/hashicorp/azurerm\"]",
      "instances": [
        {
          "schema_version": 0,
          "attributes": {
            "caching": "None",
            "create_option": "Attach",
            "id": "/subscriptions/3c2067eb-14d4-42da-83ca-73316e5fce7a/resourceGroups/rg-ace-DevTest-WUS/providers/Microsoft.Compute/virtualMachines/vmaceweb1/dataDisks/vmaceweb1-disk1",
            "lun": 10,
            "managed_disk_id": "/subscriptions/3c2067eb-14d4-42da-83ca-73316e5fce7a/resourceGroups/rg-ace-DevTest-WUS/providers/Microsoft.Compute/disks/vmaceweb1-disk1",
            "timeouts": null,
            "virtual_machine_id": "/subscriptions/3c2067eb-14d4-42da-83ca-73316e5fce7a/resourceGroups/rg-ace-DevTest-WUS/providers/Microsoft.Compute/virtualMachines/vmaceweb1",
            "write_accelerator_enabled": false
          },
          "sensitive_attributes": [],
          "private": "eyJlMmJmYjczMC1lY2FhLTExZTYtOGY4OC0zNDM2M2JjN2M0YzAiOnsiY3JlYXRlIjoxODAwMDAwMDAwMDAwLCJkZWxldGUiOjE4MDAwMDAwMDAwMDAsInJlYWQiOjMwMDAwMDAwMDAwMCwidXBkYXRlIjoxODAwMDAwMDAwMDAwfX0=",
          "dependencies": [
            "azurerm_resource_group.rg",
            "azurerm_subnet.snet_web",
            "module.vm_web1.azurerm_managed_disk.data",
            "module.vm_web1.azurerm_network_interface.nic",
            "module.vm_web1.azurerm_windows_virtual_machine.vm"
          ]
        }
      ]
    },
    {
      "module": "module.vm_web1",
      "mode": "managed",
      "type": "azurerm_windows_virtual_machine",
      "name": "vm",
      "provider": "provider[\"registry.terraform.io/hashicorp/azurerm\"]",
      "instances": [
        {
          "schema_version": 0,
          "attributes": {
            "additional_capabilities": [],
            "additional_unattend_content": [],
            "admin_password": "Super123!",
            "admin_username": "jfluckiger",
            "allow_extension_operations": true,
            "availability_set_id": "",
            "boot_diagnostics": [],
            "computer_name": "vmaceweb1",
            "custom_data": null,
            "dedicated_host_group_id": "",
            "dedicated_host_id": "",
            "edge_zone": "",
            "enable_automatic_updates": true,
            "encryption_at_host_enabled": false,
            "eviction_policy": "",
            "extensions_time_budget": "PT1H30M",
            "hotpatching_enabled": false,
            "id": "/subscriptions/3c2067eb-14d4-42da-83ca-73316e5fce7a/resourceGroups/rg-ace-DevTest-WUS/providers/Microsoft.Compute/virtualMachines/vmaceweb1",
            "identity": [],
            "license_type": "",
            "location": "westus",
            "max_bid_price": -1,
            "name": "vmaceweb1",
            "network_interface_ids": [
              "/subscriptions/3c2067eb-14d4-42da-83ca-73316e5fce7a/resourceGroups/rg-ace-DevTest-WUS/providers/Microsoft.Network/networkInterfaces/nic_aceweb1"
            ],
            "os_disk": [
              {
                "caching": "ReadWrite",
                "diff_disk_settings": [],
                "disk_encryption_set_id": "",
                "disk_size_gb": 127,
                "name": "vmaceweb1_OsDisk_1_9fca8334d488496fabd44c93feb33387",
                "secure_vm_disk_encryption_set_id": "",
                "security_encryption_type": "",
                "storage_account_type": "Standard_LRS",
                "write_accelerator_enabled": false
              }
            ],
            "patch_mode": "AutomaticByOS",
            "plan": [],
            "platform_fault_domain": -1,
            "priority": "Regular",
            "private_ip_address": "172.16.1.5",
            "private_ip_addresses": [
              "172.16.1.5"
            ],
            "provision_vm_agent": true,
            "proximity_placement_group_id": "",
            "public_ip_address": "",
            "public_ip_addresses": [],
            "resource_group_name": "rg-ace-DevTest-WUS",
            "secret": [],
            "secure_boot_enabled": false,
            "size": "Standard_F2",
            "source_image_id": "",
            "source_image_reference": [
              {
                "offer": "WindowsServer",
                "publisher": "MicrosoftWindowsServer",
                "sku": "2019-Datacenter",
                "version": "latest"
              }
            ],
            "tags": {
              "terraform": "true"
            },
            "termination_notification": null,
            "timeouts": null,
            "timezone": "",
            "user_data": "",
            "virtual_machine_id": "5bc253de-125d-4695-80e9-09515c06b50d",
            "virtual_machine_scale_set_id": "",
            "vtpm_enabled": false,
            "winrm_listener": [],
            "zone": ""
          },
          "sensitive_attributes": [
            [
              {
                "type": "get_attr",
                "value": "admin_username"
              }
            ],
            [
              {
                "type": "get_attr",
                "value": "admin_password"
              }
            ]
          ],
          "private": "eyJlMmJmYjczMC1lY2FhLTExZTYtOGY4OC0zNDM2M2JjN2M0YzAiOnsiY3JlYXRlIjoyNzAwMDAwMDAwMDAwLCJkZWxldGUiOjI3MDAwMDAwMDAwMDAsInJlYWQiOjMwMDAwMDAwMDAwMCwidXBkYXRlIjoyNzAwMDAwMDAwMDAwfX0=",
          "dependencies": [
            "azurerm_resource_group.rg",
            "azurerm_subnet.snet_web",
            "module.vm_web1.azurerm_network_interface.nic"
          ]
        }
      ]
    },
    {
      "module": "module.vm_web2",
      "mode": "managed",
      "type": "azurerm_managed_disk",
      "name": "data",
      "provider": "provider[\"registry.terraform.io/hashicorp/azurerm\"]",
      "instances": [
        {
          "schema_version": 0,
          "attributes": {
            "create_option": "Empty",
            "disk_access_id": "",
            "disk_encryption_set_id": "",
            "disk_iops_read_only": 0,
            "disk_iops_read_write": 500,
            "disk_mbps_read_only": 0,
            "disk_mbps_read_write": 60,
            "disk_size_gb": 8,
            "edge_zone": "",
            "encryption_settings": [],
            "gallery_image_reference_id": "",
            "hyper_v_generation": "",
            "id": "/subscriptions/3c2067eb-14d4-42da-83ca-73316e5fce7a/resourceGroups/rg-ace-DevTest-WUS/providers/Microsoft.Compute/disks/vmaceweb2-disk1",
            "image_reference_id": "",
            "location": "westus",
            "logical_sector_size": null,
            "max_shares": 0,
            "name": "vmaceweb2-disk1",
            "network_access_policy": null,
            "on_demand_bursting_enabled": false,
            "os_type": "",
            "public_network_access_enabled": true,
            "resource_group_name": "rg-ace-DevTest-WUS",
            "secure_vm_disk_encryption_set_id": "",
            "security_type": "",
            "source_resource_id": "",
            "source_uri": "",
            "storage_account_id": "",
            "storage_account_type": "Standard_LRS",
            "tags": null,
            "tier": "",
            "timeouts": null,
            "trusted_launch_enabled": false,
            "zone": ""
          },
          "sensitive_attributes": [],
          "private": "eyJlMmJmYjczMC1lY2FhLTExZTYtOGY4OC0zNDM2M2JjN2M0YzAiOnsiY3JlYXRlIjoxODAwMDAwMDAwMDAwLCJkZWxldGUiOjE4MDAwMDAwMDAwMDAsInJlYWQiOjMwMDAwMDAwMDAwMCwidXBkYXRlIjoxODAwMDAwMDAwMDAwfX0=",
          "dependencies": [
            "azurerm_resource_group.rg",
            "azurerm_subnet.snet_web",
            "module.vm_web2.azurerm_network_interface.nic",
            "module.vm_web2.azurerm_windows_virtual_machine.vm"
          ]
        }
      ]
    },
    {
      "module": "module.vm_web2",
      "mode": "managed",
      "type": "azurerm_network_interface",
      "name": "nic",
      "provider": "provider[\"registry.terraform.io/hashicorp/azurerm\"]",
      "instances": [
        {
          "schema_version": 0,
          "attributes": {
            "applied_dns_servers": [],
            "dns_servers": [],
            "edge_zone": "",
            "enable_accelerated_networking": false,
            "enable_ip_forwarding": false,
            "id": "/subscriptions/3c2067eb-14d4-42da-83ca-73316e5fce7a/resourceGroups/rg-ace-DevTest-WUS/providers/Microsoft.Network/networkInterfaces/nic_aceweb2",
            "internal_dns_name_label": "",
            "internal_domain_name_suffix": "cugy3uidlrbexejhkjb3vk5gia.dx.internal.cloudapp.net",
            "ip_configuration": [
              {
                "gateway_load_balancer_frontend_ip_configuration_id": "",
                "name": "internal",
                "primary": true,
                "private_ip_address": "172.16.1.6",
                "private_ip_address_allocation": "Static",
                "private_ip_address_version": "IPv4",
                "public_ip_address_id": "",
                "subnet_id": "/subscriptions/3c2067eb-14d4-42da-83ca-73316e5fce7a/resourceGroups/rg-ace-DevTest-WUS/providers/Microsoft.Network/virtualNetworks/ace/subnets/snet-web"
              }
            ],
            "location": "westus",
            "mac_address": "",
            "name": "nic_aceweb2",
            "private_ip_address": "172.16.1.6",
            "private_ip_addresses": [
              "172.16.1.6"
            ],
            "resource_group_name": "rg-ace-DevTest-WUS",
            "tags": {
              "terraform": "true"
            },
            "timeouts": null,
            "virtual_machine_id": ""
          },
          "sensitive_attributes": [],
          "private": "eyJlMmJmYjczMC1lY2FhLTExZTYtOGY4OC0zNDM2M2JjN2M0YzAiOnsiY3JlYXRlIjoxODAwMDAwMDAwMDAwLCJkZWxldGUiOjE4MDAwMDAwMDAwMDAsInJlYWQiOjMwMDAwMDAwMDAwMCwidXBkYXRlIjoxODAwMDAwMDAwMDAwfX0=",
          "dependencies": [
            "azurerm_resource_group.rg",
            "azurerm_subnet.snet_web"
          ]
        }
      ]
    },
    {
      "module": "module.vm_web2",
      "mode": "managed",
      "type": "azurerm_virtual_machine_data_disk_attachment",
      "name": "attachment",
      "provider": "provider[\"registry.terraform.io/hashicorp/azurerm\"]",
      "instances": [
        {
          "schema_version": 0,
          "attributes": {
            "caching": "None",
            "create_option": "Attach",
            "id": "/subscriptions/3c2067eb-14d4-42da-83ca-73316e5fce7a/resourceGroups/rg-ace-DevTest-WUS/providers/Microsoft.Compute/virtualMachines/vmaceweb2/dataDisks/vmaceweb2-disk1",
            "lun": 10,
            "managed_disk_id": "/subscriptions/3c2067eb-14d4-42da-83ca-73316e5fce7a/resourceGroups/rg-ace-DevTest-WUS/providers/Microsoft.Compute/disks/vmaceweb2-disk1",
            "timeouts": null,
            "virtual_machine_id": "/subscriptions/3c2067eb-14d4-42da-83ca-73316e5fce7a/resourceGroups/rg-ace-DevTest-WUS/providers/Microsoft.Compute/virtualMachines/vmaceweb2",
            "write_accelerator_enabled": false
          },
          "sensitive_attributes": [],
          "private": "eyJlMmJmYjczMC1lY2FhLTExZTYtOGY4OC0zNDM2M2JjN2M0YzAiOnsiY3JlYXRlIjoxODAwMDAwMDAwMDAwLCJkZWxldGUiOjE4MDAwMDAwMDAwMDAsInJlYWQiOjMwMDAwMDAwMDAwMCwidXBkYXRlIjoxODAwMDAwMDAwMDAwfX0=",
          "dependencies": [
            "azurerm_resource_group.rg",
            "azurerm_subnet.snet_web",
            "module.vm_web2.azurerm_managed_disk.data",
            "module.vm_web2.azurerm_network_interface.nic",
            "module.vm_web2.azurerm_windows_virtual_machine.vm"
          ]
        }
      ]
    },
    {
      "module": "module.vm_web2",
      "mode": "managed",
      "type": "azurerm_windows_virtual_machine",
      "name": "vm",
      "provider": "provider[\"registry.terraform.io/hashicorp/azurerm\"]",
      "instances": [
        {
          "schema_version": 0,
          "attributes": {
            "additional_capabilities": [],
            "additional_unattend_content": [],
            "admin_password": "Super123!",
            "admin_username": "jfluckiger",
            "allow_extension_operations": true,
            "availability_set_id": "",
            "boot_diagnostics": [],
            "computer_name": "vmaceweb2",
            "custom_data": null,
            "dedicated_host_group_id": "",
            "dedicated_host_id": "",
            "edge_zone": "",
            "enable_automatic_updates": true,
            "encryption_at_host_enabled": false,
            "eviction_policy": "",
            "extensions_time_budget": "PT1H30M",
            "hotpatching_enabled": false,
            "id": "/subscriptions/3c2067eb-14d4-42da-83ca-73316e5fce7a/resourceGroups/rg-ace-DevTest-WUS/providers/Microsoft.Compute/virtualMachines/vmaceweb2",
            "identity": [],
            "license_type": "",
            "location": "westus",
            "max_bid_price": -1,
            "name": "vmaceweb2",
            "network_interface_ids": [
              "/subscriptions/3c2067eb-14d4-42da-83ca-73316e5fce7a/resourceGroups/rg-ace-DevTest-WUS/providers/Microsoft.Network/networkInterfaces/nic_aceweb2"
            ],
            "os_disk": [
              {
                "caching": "ReadWrite",
                "diff_disk_settings": [],
                "disk_encryption_set_id": "",
                "disk_size_gb": 127,
                "name": "vmaceweb2_OsDisk_1_0033643d4e374c9b9ba5722936160c4d",
                "secure_vm_disk_encryption_set_id": "",
                "security_encryption_type": "",
                "storage_account_type": "Standard_LRS",
                "write_accelerator_enabled": false
              }
            ],
            "patch_mode": "AutomaticByOS",
            "plan": [],
            "platform_fault_domain": -1,
            "priority": "Regular",
            "private_ip_address": "172.16.1.6",
            "private_ip_addresses": [
              "172.16.1.6"
            ],
            "provision_vm_agent": true,
            "proximity_placement_group_id": "",
            "public_ip_address": "",
            "public_ip_addresses": [],
            "resource_group_name": "rg-ace-DevTest-WUS",
            "secret": [],
            "secure_boot_enabled": false,
            "size": "Standard_F2",
            "source_image_id": "",
            "source_image_reference": [
              {
                "offer": "WindowsServer",
                "publisher": "MicrosoftWindowsServer",
                "sku": "2019-Datacenter",
                "version": "latest"
              }
            ],
            "tags": {
              "terraform": "true"
            },
            "termination_notification": null,
            "timeouts": null,
            "timezone": "",
            "user_data": "",
            "virtual_machine_id": "afe2f1c1-6ef4-4fcf-bc13-a92bea65c1ed",
            "virtual_machine_scale_set_id": "",
            "vtpm_enabled": false,
            "winrm_listener": [],
            "zone": ""
          },
          "sensitive_attributes": [
            [
              {
                "type": "get_attr",
                "value": "admin_username"
              }
            ],
            [
              {
                "type": "get_attr",
                "value": "admin_password"
              }
            ]
          ],
          "private": "eyJlMmJmYjczMC1lY2FhLTExZTYtOGY4OC0zNDM2M2JjN2M0YzAiOnsiY3JlYXRlIjoyNzAwMDAwMDAwMDAwLCJkZWxldGUiOjI3MDAwMDAwMDAwMDAsInJlYWQiOjMwMDAwMDAwMDAwMCwidXBkYXRlIjoyNzAwMDAwMDAwMDAwfX0=",
          "dependencies": [
            "azurerm_resource_group.rg",
            "azurerm_subnet.snet_web",
            "module.vm_web2.azurerm_network_interface.nic"
          ]
        }
      ]
    }
  ]
}
